// !$*UTF8*$!
{
	archiveVersion = 1;
	classes = {
	};
	objectVersion = 55;
	objects = {

/* Begin PBXBuildFile section */
		0B87453028FE724200E5155E /* BoxOfficeViewController.swift in Sources */ = {isa = PBXBuildFile; fileRef = 0B87452F28FE724200E5155E /* BoxOfficeViewController.swift */; };
		0B87453628FE730200E5155E /* BoxOfficeView.swift in Sources */ = {isa = PBXBuildFile; fileRef = 0B87453528FE730200E5155E /* BoxOfficeView.swift */; };
		0B87453A28FE78D000E5155E /* BoxOfficeTableViewCell.swift in Sources */ = {isa = PBXBuildFile; fileRef = 0B87453928FE78D000E5155E /* BoxOfficeTableViewCell.swift */; };
		0B87454428FE80DA00E5155E /* BoxOfficeModel.swift in Sources */ = {isa = PBXBuildFile; fileRef = 0B87454328FE80DA00E5155E /* BoxOfficeModel.swift */; };
		0B87454828FEBA7B00E5155E /* APIService.swift in Sources */ = {isa = PBXBuildFile; fileRef = 0B87454728FEBA7B00E5155E /* APIService.swift */; };
		0B87454A28FED14200E5155E /* BoxOfficeViewModel.swift in Sources */ = {isa = PBXBuildFile; fileRef = 0B87454928FED14200E5155E /* BoxOfficeViewModel.swift */; };
		0B87454D28FEED0A00E5155E /* Date+extension.swift in Sources */ = {isa = PBXBuildFile; fileRef = 0B87454C28FEED0A00E5155E /* Date+extension.swift */; };
		0B87454F28FEF39E00E5155E /* PaddingLabel.swift in Sources */ = {isa = PBXBuildFile; fileRef = 0B87454E28FEF39E00E5155E /* PaddingLabel.swift */; };
		0B87455228FF049600E5155E /* API_KEY.swift in Sources */ = {isa = PBXBuildFile; fileRef = 0B87455128FF049600E5155E /* API_KEY.swift */; };
		0B87455428FF06F700E5155E /* PosterModel.swift in Sources */ = {isa = PBXBuildFile; fileRef = 0B87455328FF06F700E5155E /* PosterModel.swift */; };
		0B87455A28FF119400E5155E /* UIImageView+extension.swift in Sources */ = {isa = PBXBuildFile; fileRef = 0B87455928FF119400E5155E /* UIImageView+extension.swift */; };
		0B87455C28FF167900E5155E /* Collection+extension.swift in Sources */ = {isa = PBXBuildFile; fileRef = 0B87455B28FF167900E5155E /* Collection+extension.swift */; };
		0B87455E290005BA00E5155E /* MovieInfoViewController.swift in Sources */ = {isa = PBXBuildFile; fileRef = 0B87455D290005BA00E5155E /* MovieInfoViewController.swift */; };
		0B874560290005D400E5155E /* MovieInfoView.swift in Sources */ = {isa = PBXBuildFile; fileRef = 0B87455F290005D400E5155E /* MovieInfoView.swift */; };
		0B8745622900167600E5155E /* BoxOfficeCellViewModel.swift in Sources */ = {isa = PBXBuildFile; fileRef = 0B8745612900167600E5155E /* BoxOfficeCellViewModel.swift */; };
		0B874564290016FA00E5155E /* TableViewCellViewModel.swift in Sources */ = {isa = PBXBuildFile; fileRef = 0B874563290016FA00E5155E /* TableViewCellViewModel.swift */; };
		0B8745662900423D00E5155E /* MovieInfoViewModel.swift in Sources */ = {isa = PBXBuildFile; fileRef = 0B8745652900423D00E5155E /* MovieInfoViewModel.swift */; };
		0B8745682900429300E5155E /* MovieInfoModel.swift in Sources */ = {isa = PBXBuildFile; fileRef = 0B8745672900429300E5155E /* MovieInfoModel.swift */; };
		0B87456A290045BD00E5155E /* MovieInfoCellViewModel.swift in Sources */ = {isa = PBXBuildFile; fileRef = 0B874569290045BD00E5155E /* MovieInfoCellViewModel.swift */; };
		0B87456C290045F500E5155E /* MovieInfoTableViewCell.swift in Sources */ = {isa = PBXBuildFile; fileRef = 0B87456B290045F500E5155E /* MovieInfoTableViewCell.swift */; };
		0B87456E29006A1000E5155E /* String+extension.swift in Sources */ = {isa = PBXBuildFile; fileRef = 0B87456D29006A1000E5155E /* String+extension.swift */; };
		0B8745702900775500E5155E /* StarScore.swift in Sources */ = {isa = PBXBuildFile; fileRef = 0B87456F2900775500E5155E /* StarScore.swift */; };
		635A19E828F9603900197BCC /* AppDelegate.swift in Sources */ = {isa = PBXBuildFile; fileRef = 635A19E728F9603900197BCC /* AppDelegate.swift */; };
		635A19EA28F9603900197BCC /* SceneDelegate.swift in Sources */ = {isa = PBXBuildFile; fileRef = 635A19E928F9603900197BCC /* SceneDelegate.swift */; };
		635A19F128F9603A00197BCC /* Assets.xcassets in Resources */ = {isa = PBXBuildFile; fileRef = 635A19F028F9603A00197BCC /* Assets.xcassets */; };
		635A19F428F9603A00197BCC /* LaunchScreen.storyboard in Resources */ = {isa = PBXBuildFile; fileRef = 635A19F228F9603A00197BCC /* LaunchScreen.storyboard */; };
/* End PBXBuildFile section */

/* Begin PBXFileReference section */
		0B87452F28FE724200E5155E /* BoxOfficeViewController.swift */ = {isa = PBXFileReference; lastKnownFileType = sourcecode.swift; path = BoxOfficeViewController.swift; sourceTree = "<group>"; };
		0B87453528FE730200E5155E /* BoxOfficeView.swift */ = {isa = PBXFileReference; lastKnownFileType = sourcecode.swift; path = BoxOfficeView.swift; sourceTree = "<group>"; };
		0B87453928FE78D000E5155E /* BoxOfficeTableViewCell.swift */ = {isa = PBXFileReference; lastKnownFileType = sourcecode.swift; path = BoxOfficeTableViewCell.swift; sourceTree = "<group>"; };
		0B87454328FE80DA00E5155E /* BoxOfficeModel.swift */ = {isa = PBXFileReference; lastKnownFileType = sourcecode.swift; path = BoxOfficeModel.swift; sourceTree = "<group>"; };
		0B87454728FEBA7B00E5155E /* APIService.swift */ = {isa = PBXFileReference; lastKnownFileType = sourcecode.swift; path = APIService.swift; sourceTree = "<group>"; };
		0B87454928FED14200E5155E /* BoxOfficeViewModel.swift */ = {isa = PBXFileReference; lastKnownFileType = sourcecode.swift; path = BoxOfficeViewModel.swift; sourceTree = "<group>"; };
		0B87454C28FEED0A00E5155E /* Date+extension.swift */ = {isa = PBXFileReference; lastKnownFileType = sourcecode.swift; path = "Date+extension.swift"; sourceTree = "<group>"; };
		0B87454E28FEF39E00E5155E /* PaddingLabel.swift */ = {isa = PBXFileReference; lastKnownFileType = sourcecode.swift; path = PaddingLabel.swift; sourceTree = "<group>"; };
		0B87455128FF049600E5155E /* API_KEY.swift */ = {isa = PBXFileReference; lastKnownFileType = sourcecode.swift; path = API_KEY.swift; sourceTree = "<group>"; };
		0B87455328FF06F700E5155E /* PosterModel.swift */ = {isa = PBXFileReference; lastKnownFileType = sourcecode.swift; path = PosterModel.swift; sourceTree = "<group>"; };
		0B87455928FF119400E5155E /* UIImageView+extension.swift */ = {isa = PBXFileReference; lastKnownFileType = sourcecode.swift; path = "UIImageView+extension.swift"; sourceTree = "<group>"; };
		0B87455B28FF167900E5155E /* Collection+extension.swift */ = {isa = PBXFileReference; lastKnownFileType = sourcecode.swift; path = "Collection+extension.swift"; sourceTree = "<group>"; };
		0B87455D290005BA00E5155E /* MovieInfoViewController.swift */ = {isa = PBXFileReference; lastKnownFileType = sourcecode.swift; path = MovieInfoViewController.swift; sourceTree = "<group>"; };
		0B87455F290005D400E5155E /* MovieInfoView.swift */ = {isa = PBXFileReference; lastKnownFileType = sourcecode.swift; path = MovieInfoView.swift; sourceTree = "<group>"; };
		0B8745612900167600E5155E /* BoxOfficeCellViewModel.swift */ = {isa = PBXFileReference; lastKnownFileType = sourcecode.swift; path = BoxOfficeCellViewModel.swift; sourceTree = "<group>"; };
		0B874563290016FA00E5155E /* TableViewCellViewModel.swift */ = {isa = PBXFileReference; lastKnownFileType = sourcecode.swift; path = TableViewCellViewModel.swift; sourceTree = "<group>"; };
		0B8745652900423D00E5155E /* MovieInfoViewModel.swift */ = {isa = PBXFileReference; lastKnownFileType = sourcecode.swift; path = MovieInfoViewModel.swift; sourceTree = "<group>"; };
		0B8745672900429300E5155E /* MovieInfoModel.swift */ = {isa = PBXFileReference; lastKnownFileType = sourcecode.swift; path = MovieInfoModel.swift; sourceTree = "<group>"; };
		0B874569290045BD00E5155E /* MovieInfoCellViewModel.swift */ = {isa = PBXFileReference; lastKnownFileType = sourcecode.swift; path = MovieInfoCellViewModel.swift; sourceTree = "<group>"; };
		0B87456B290045F500E5155E /* MovieInfoTableViewCell.swift */ = {isa = PBXFileReference; lastKnownFileType = sourcecode.swift; path = MovieInfoTableViewCell.swift; sourceTree = "<group>"; };
		0B87456D29006A1000E5155E /* String+extension.swift */ = {isa = PBXFileReference; lastKnownFileType = sourcecode.swift; path = "String+extension.swift"; sourceTree = "<group>"; };
		0B87456F2900775500E5155E /* StarScore.swift */ = {isa = PBXFileReference; lastKnownFileType = sourcecode.swift; path = StarScore.swift; sourceTree = "<group>"; };
		635A19E428F9603900197BCC /* BoxOffice.app */ = {isa = PBXFileReference; explicitFileType = wrapper.application; includeInIndex = 0; path = BoxOffice.app; sourceTree = BUILT_PRODUCTS_DIR; };
		635A19E728F9603900197BCC /* AppDelegate.swift */ = {isa = PBXFileReference; lastKnownFileType = sourcecode.swift; path = AppDelegate.swift; sourceTree = "<group>"; };
		635A19E928F9603900197BCC /* SceneDelegate.swift */ = {isa = PBXFileReference; lastKnownFileType = sourcecode.swift; path = SceneDelegate.swift; sourceTree = "<group>"; };
		635A19F028F9603A00197BCC /* Assets.xcassets */ = {isa = PBXFileReference; lastKnownFileType = folder.assetcatalog; path = Assets.xcassets; sourceTree = "<group>"; };
		635A19F328F9603A00197BCC /* Base */ = {isa = PBXFileReference; lastKnownFileType = file.storyboard; name = Base; path = Base.lproj/LaunchScreen.storyboard; sourceTree = "<group>"; };
		635A19F528F9603A00197BCC /* Info.plist */ = {isa = PBXFileReference; lastKnownFileType = text.plist.xml; path = Info.plist; sourceTree = "<group>"; };
/* End PBXFileReference section */

/* Begin PBXFrameworksBuildPhase section */
		635A19E128F9603900197BCC /* Frameworks */ = {
			isa = PBXFrameworksBuildPhase;
			buildActionMask = 2147483647;
			files = (
			);
			runOnlyForDeploymentPostprocessing = 0;
		};
/* End PBXFrameworksBuildPhase section */

/* Begin PBXGroup section */
		0B87453328FE72B900E5155E /* View */ = {
			isa = PBXGroup;
			children = (
				0B87453528FE730200E5155E /* BoxOfficeView.swift */,
				0B87455F290005D400E5155E /* MovieInfoView.swift */,
			);
			path = View;
			sourceTree = "<group>";
		};
		0B87453428FE72C700E5155E /* Controller */ = {
			isa = PBXGroup;
			children = (
				0B87452F28FE724200E5155E /* BoxOfficeViewController.swift */,
				0B87455D290005BA00E5155E /* MovieInfoViewController.swift */,
			);
			path = Controller;
			sourceTree = "<group>";
		};
		0B87453828FE77BD00E5155E /* Cell */ = {
			isa = PBXGroup;
			children = (
				0B87453928FE78D000E5155E /* BoxOfficeTableViewCell.swift */,
				0B87456B290045F500E5155E /* MovieInfoTableViewCell.swift */,
			);
			path = Cell;
			sourceTree = "<group>";
		};
		0B87454228FE80C200E5155E /* Model */ = {
			isa = PBXGroup;
			children = (
				0B87454328FE80DA00E5155E /* BoxOfficeModel.swift */,
				0B87455328FF06F700E5155E /* PosterModel.swift */,
				0B8745672900429300E5155E /* MovieInfoModel.swift */,
			);
			path = Model;
			sourceTree = "<group>";
		};
		0B87454528FEB8E300E5155E /* ViewModel */ = {
			isa = PBXGroup;
			children = (
				0B87454928FED14200E5155E /* BoxOfficeViewModel.swift */,
				0B8745612900167600E5155E /* BoxOfficeCellViewModel.swift */,
				0B8745652900423D00E5155E /* MovieInfoViewModel.swift */,
				0B874569290045BD00E5155E /* MovieInfoCellViewModel.swift */,
				0B874563290016FA00E5155E /* TableViewCellViewModel.swift */,
			);
			path = ViewModel;
			sourceTree = "<group>";
		};
		0B87454628FEBA6100E5155E /* Service */ = {
			isa = PBXGroup;
			children = (
				0B87454728FEBA7B00E5155E /* APIService.swift */,
				0B87455128FF049600E5155E /* API_KEY.swift */,
			);
			path = Service;
			sourceTree = "<group>";
		};
		0B87454B28FEECEA00E5155E /* Extenstions */ = {
			isa = PBXGroup;
			children = (
				0B87454C28FEED0A00E5155E /* Date+extension.swift */,
				0B87455928FF119400E5155E /* UIImageView+extension.swift */,
				0B87455B28FF167900E5155E /* Collection+extension.swift */,
				0B87456D29006A1000E5155E /* String+extension.swift */,
			);
			path = Extenstions;
			sourceTree = "<group>";
		};
		0B87455028FEF3BB00E5155E /* Compnents */ = {
			isa = PBXGroup;
			children = (
				0B87454E28FEF39E00E5155E /* PaddingLabel.swift */,
				0B87456F2900775500E5155E /* StarScore.swift */,
			);
			path = Compnents;
			sourceTree = "<group>";
		};
		635A19DB28F9603900197BCC = {
			isa = PBXGroup;
			children = (
				635A19E628F9603900197BCC /* BoxOffice */,
				635A19E528F9603900197BCC /* Products */,
			);
			sourceTree = "<group>";
		};
		635A19E528F9603900197BCC /* Products */ = {
			isa = PBXGroup;
			children = (
				635A19E428F9603900197BCC /* BoxOffice.app */,
			);
			name = Products;
			sourceTree = "<group>";
		};
		635A19E628F9603900197BCC /* BoxOffice */ = {
			isa = PBXGroup;
			children = (
				635A19E728F9603900197BCC /* AppDelegate.swift */,
				635A19E928F9603900197BCC /* SceneDelegate.swift */,
				0B87453428FE72C700E5155E /* Controller */,
				0B87453328FE72B900E5155E /* View */,
				0B87453828FE77BD00E5155E /* Cell */,
				0B87454228FE80C200E5155E /* Model */,
				0B87454528FEB8E300E5155E /* ViewModel */,
				0B87454628FEBA6100E5155E /* Service */,
				0B87454B28FEECEA00E5155E /* Extenstions */,
				0B87455028FEF3BB00E5155E /* Compnents */,
				635A19F028F9603A00197BCC /* Assets.xcassets */,
				635A19F228F9603A00197BCC /* LaunchScreen.storyboard */,
				635A19F528F9603A00197BCC /* Info.plist */,
			);
			path = BoxOffice;
			sourceTree = "<group>";
		};
/* End PBXGroup section */

/* Begin PBXNativeTarget section */
		635A19E328F9603900197BCC /* BoxOffice */ = {
			isa = PBXNativeTarget;
			buildConfigurationList = 635A19F828F9603A00197BCC /* Build configuration list for PBXNativeTarget "BoxOffice" */;
			buildPhases = (
				635A19E028F9603900197BCC /* Sources */,
				635A19E128F9603900197BCC /* Frameworks */,
				635A19E228F9603900197BCC /* Resources */,
			);
			buildRules = (
			);
			dependencies = (
			);
			name = BoxOffice;
			productName = BoxOffice;
			productReference = 635A19E428F9603900197BCC /* BoxOffice.app */;
			productType = "com.apple.product-type.application";
		};
/* End PBXNativeTarget section */

/* Begin PBXProject section */
		635A19DC28F9603900197BCC /* Project object */ = {
			isa = PBXProject;
			attributes = {
				BuildIndependentTargetsInParallel = 1;
				LastSwiftUpdateCheck = 1400;
				LastUpgradeCheck = 1400;
				TargetAttributes = {
					635A19E328F9603900197BCC = {
						CreatedOnToolsVersion = 13.0;
					};
				};
			};
			buildConfigurationList = 635A19DF28F9603900197BCC /* Build configuration list for PBXProject "BoxOffice" */;
			compatibilityVersion = "Xcode 13.0";
			developmentRegion = en;
			hasScannedForEncodings = 0;
			knownRegions = (
				en,
				Base,
			);
			mainGroup = 635A19DB28F9603900197BCC;
			productRefGroup = 635A19E528F9603900197BCC /* Products */;
			projectDirPath = "";
			projectRoot = "";
			targets = (
				635A19E328F9603900197BCC /* BoxOffice */,
			);
		};
/* End PBXProject section */

/* Begin PBXResourcesBuildPhase section */
		635A19E228F9603900197BCC /* Resources */ = {
			isa = PBXResourcesBuildPhase;
			buildActionMask = 2147483647;
			files = (
				635A19F428F9603A00197BCC /* LaunchScreen.storyboard in Resources */,
				635A19F128F9603A00197BCC /* Assets.xcassets in Resources */,
			);
			runOnlyForDeploymentPostprocessing = 0;
		};
/* End PBXResourcesBuildPhase section */

/* Begin PBXSourcesBuildPhase section */
		635A19E028F9603900197BCC /* Sources */ = {
			isa = PBXSourcesBuildPhase;
			buildActionMask = 2147483647;
			files = (
				0B8745702900775500E5155E /* StarScore.swift in Sources */,
				0B87453028FE724200E5155E /* BoxOfficeViewController.swift in Sources */,
				0B874560290005D400E5155E /* MovieInfoView.swift in Sources */,
				0B8745622900167600E5155E /* BoxOfficeCellViewModel.swift in Sources */,
				0B87456A290045BD00E5155E /* MovieInfoCellViewModel.swift in Sources */,
				0B87456C290045F500E5155E /* MovieInfoTableViewCell.swift in Sources */,
				0B87455E290005BA00E5155E /* MovieInfoViewController.swift in Sources */,
				0B87453A28FE78D000E5155E /* BoxOfficeTableViewCell.swift in Sources */,
				635A19E828F9603900197BCC /* AppDelegate.swift in Sources */,
				0B874564290016FA00E5155E /* TableViewCellViewModel.swift in Sources */,
				0B8745662900423D00E5155E /* MovieInfoViewModel.swift in Sources */,
				0B87456E29006A1000E5155E /* String+extension.swift in Sources */,
				0B87454A28FED14200E5155E /* BoxOfficeViewModel.swift in Sources */,
				0B8745682900429300E5155E /* MovieInfoModel.swift in Sources */,
				0B87454428FE80DA00E5155E /* BoxOfficeModel.swift in Sources */,
				0B87455428FF06F700E5155E /* PosterModel.swift in Sources */,
				0B87453628FE730200E5155E /* BoxOfficeView.swift in Sources */,
				0B87455228FF049600E5155E /* API_KEY.swift in Sources */,
				635A19EA28F9603900197BCC /* SceneDelegate.swift in Sources */,
				0B87455C28FF167900E5155E /* Collection+extension.swift in Sources */,
				0B87454D28FEED0A00E5155E /* Date+extension.swift in Sources */,
				0B87455A28FF119400E5155E /* UIImageView+extension.swift in Sources */,
				0B87454828FEBA7B00E5155E /* APIService.swift in Sources */,
				0B87454F28FEF39E00E5155E /* PaddingLabel.swift in Sources */,
			);
			runOnlyForDeploymentPostprocessing = 0;
		};
/* End PBXSourcesBuildPhase section */

/* Begin PBXVariantGroup section */
		635A19F228F9603A00197BCC /* LaunchScreen.storyboard */ = {
			isa = PBXVariantGroup;
			children = (
				635A19F328F9603A00197BCC /* Base */,
			);
			name = LaunchScreen.storyboard;
			sourceTree = "<group>";
		};
/* End PBXVariantGroup section */

/* Begin XCBuildConfiguration section */
		635A19F628F9603A00197BCC /* Debug */ = {
			isa = XCBuildConfiguration;
			buildSettings = {
				ALWAYS_SEARCH_USER_PATHS = NO;
				CLANG_ANALYZER_NONNULL = YES;
				CLANG_ANALYZER_NUMBER_OBJECT_CONVERSION = YES_AGGRESSIVE;
				CLANG_CXX_LANGUAGE_STANDARD = "gnu++20";
				CLANG_ENABLE_MODULES = YES;
				CLANG_ENABLE_OBJC_ARC = YES;
				CLANG_ENABLE_OBJC_WEAK = YES;
				CLANG_WARN_BLOCK_CAPTURE_AUTORELEASING = YES;
				CLANG_WARN_BOOL_CONVERSION = YES;
				CLANG_WARN_COMMA = YES;
				CLANG_WARN_CONSTANT_CONVERSION = YES;
				CLANG_WARN_DEPRECATED_OBJC_IMPLEMENTATIONS = YES;
				CLANG_WARN_DIRECT_OBJC_ISA_USAGE = YES_ERROR;
				CLANG_WARN_DOCUMENTATION_COMMENTS = YES;
				CLANG_WARN_EMPTY_BODY = YES;
				CLANG_WARN_ENUM_CONVERSION = YES;
				CLANG_WARN_INFINITE_RECURSION = YES;
				CLANG_WARN_INT_CONVERSION = YES;
				CLANG_WARN_NON_LITERAL_NULL_CONVERSION = YES;
				CLANG_WARN_OBJC_IMPLICIT_RETAIN_SELF = YES;
				CLANG_WARN_OBJC_LITERAL_CONVERSION = YES;
				CLANG_WARN_OBJC_ROOT_CLASS = YES_ERROR;
				CLANG_WARN_QUOTED_INCLUDE_IN_FRAMEWORK_HEADER = YES;
				CLANG_WARN_RANGE_LOOP_ANALYSIS = YES;
				CLANG_WARN_STRICT_PROTOTYPES = YES;
				CLANG_WARN_SUSPICIOUS_MOVE = YES;
				CLANG_WARN_UNGUARDED_AVAILABILITY = YES_AGGRESSIVE;
				CLANG_WARN_UNREACHABLE_CODE = YES;
				CLANG_WARN__DUPLICATE_METHOD_MATCH = YES;
				COPY_PHASE_STRIP = NO;
				DEBUG_INFORMATION_FORMAT = dwarf;
				ENABLE_STRICT_OBJC_MSGSEND = YES;
				ENABLE_TESTABILITY = YES;
				GCC_C_LANGUAGE_STANDARD = gnu11;
				GCC_DYNAMIC_NO_PIC = NO;
				GCC_NO_COMMON_BLOCKS = YES;
				GCC_OPTIMIZATION_LEVEL = 0;
				GCC_PREPROCESSOR_DEFINITIONS = (
					"DEBUG=1",
					"$(inherited)",
				);
				GCC_WARN_64_TO_32_BIT_CONVERSION = YES;
				GCC_WARN_ABOUT_RETURN_TYPE = YES_ERROR;
				GCC_WARN_UNDECLARED_SELECTOR = YES;
				GCC_WARN_UNINITIALIZED_AUTOS = YES_AGGRESSIVE;
				GCC_WARN_UNUSED_FUNCTION = YES;
				GCC_WARN_UNUSED_VARIABLE = YES;
				IPHONEOS_DEPLOYMENT_TARGET = 16.0;
				MTL_ENABLE_DEBUG_INFO = INCLUDE_SOURCE;
				MTL_FAST_MATH = YES;
				ONLY_ACTIVE_ARCH = YES;
				SDKROOT = iphoneos;
				SWIFT_ACTIVE_COMPILATION_CONDITIONS = DEBUG;
				SWIFT_OPTIMIZATION_LEVEL = "-Onone";
			};
			name = Debug;
		};
		635A19F728F9603A00197BCC /* Release */ = {
			isa = XCBuildConfiguration;
			buildSettings = {
				ALWAYS_SEARCH_USER_PATHS = NO;
				CLANG_ANALYZER_NONNULL = YES;
				CLANG_ANALYZER_NUMBER_OBJECT_CONVERSION = YES_AGGRESSIVE;
				CLANG_CXX_LANGUAGE_STANDARD = "gnu++20";
				CLANG_ENABLE_MODULES = YES;
				CLANG_ENABLE_OBJC_ARC = YES;
				CLANG_ENABLE_OBJC_WEAK = YES;
				CLANG_WARN_BLOCK_CAPTURE_AUTORELEASING = YES;
				CLANG_WARN_BOOL_CONVERSION = YES;
				CLANG_WARN_COMMA = YES;
				CLANG_WARN_CONSTANT_CONVERSION = YES;
				CLANG_WARN_DEPRECATED_OBJC_IMPLEMENTATIONS = YES;
				CLANG_WARN_DIRECT_OBJC_ISA_USAGE = YES_ERROR;
				CLANG_WARN_DOCUMENTATION_COMMENTS = YES;
				CLANG_WARN_EMPTY_BODY = YES;
				CLANG_WARN_ENUM_CONVERSION = YES;
				CLANG_WARN_INFINITE_RECURSION = YES;
				CLANG_WARN_INT_CONVERSION = YES;
				CLANG_WARN_NON_LITERAL_NULL_CONVERSION = YES;
				CLANG_WARN_OBJC_IMPLICIT_RETAIN_SELF = YES;
				CLANG_WARN_OBJC_LITERAL_CONVERSION = YES;
				CLANG_WARN_OBJC_ROOT_CLASS = YES_ERROR;
				CLANG_WARN_QUOTED_INCLUDE_IN_FRAMEWORK_HEADER = YES;
				CLANG_WARN_RANGE_LOOP_ANALYSIS = YES;
				CLANG_WARN_STRICT_PROTOTYPES = YES;
				CLANG_WARN_SUSPICIOUS_MOVE = YES;
				CLANG_WARN_UNGUARDED_AVAILABILITY = YES_AGGRESSIVE;
				CLANG_WARN_UNREACHABLE_CODE = YES;
				CLANG_WARN__DUPLICATE_METHOD_MATCH = YES;
				COPY_PHASE_STRIP = NO;
				DEBUG_INFORMATION_FORMAT = "dwarf-with-dsym";
				ENABLE_NS_ASSERTIONS = NO;
				ENABLE_STRICT_OBJC_MSGSEND = YES;
				GCC_C_LANGUAGE_STANDARD = gnu11;
				GCC_NO_COMMON_BLOCKS = YES;
				GCC_WARN_64_TO_32_BIT_CONVERSION = YES;
				GCC_WARN_ABOUT_RETURN_TYPE = YES_ERROR;
				GCC_WARN_UNDECLARED_SELECTOR = YES;
				GCC_WARN_UNINITIALIZED_AUTOS = YES_AGGRESSIVE;
				GCC_WARN_UNUSED_FUNCTION = YES;
				GCC_WARN_UNUSED_VARIABLE = YES;
				IPHONEOS_DEPLOYMENT_TARGET = 16.0;
				MTL_ENABLE_DEBUG_INFO = NO;
				MTL_FAST_MATH = YES;
				SDKROOT = iphoneos;
				SWIFT_COMPILATION_MODE = wholemodule;
				SWIFT_OPTIMIZATION_LEVEL = "-O";
				VALIDATE_PRODUCT = YES;
			};
			name = Release;
		};
		635A19F928F9603A00197BCC /* Debug */ = {
			isa = XCBuildConfiguration;
			buildSettings = {
				ASSETCATALOG_COMPILER_APPICON_NAME = AppIcon;
				ASSETCATALOG_COMPILER_GLOBAL_ACCENT_COLOR_NAME = AccentColor;
				CODE_SIGN_STYLE = Automatic;
				CURRENT_PROJECT_VERSION = 1;
				DEVELOPMENT_TEAM = 2PC84U64N2;
				GENERATE_INFOPLIST_FILE = YES;
				INFOPLIST_FILE = BoxOffice/Info.plist;
				INFOPLIST_KEY_UIApplicationSupportsIndirectInputEvents = YES;
				INFOPLIST_KEY_UILaunchStoryboardName = LaunchScreen;
				INFOPLIST_KEY_UISupportedInterfaceOrientations_iPad = "UIInterfaceOrientationPortrait UIInterfaceOrientationPortraitUpsideDown UIInterfaceOrientationLandscapeLeft UIInterfaceOrientationLandscapeRight";
				INFOPLIST_KEY_UISupportedInterfaceOrientations_iPhone = "UIInterfaceOrientationPortrait UIInterfaceOrientationLandscapeLeft UIInterfaceOrientationLandscapeRight";
				IPHONEOS_DEPLOYMENT_TARGET = 14.0;
				LD_RUNPATH_SEARCH_PATHS = (
					"$(inherited)",
					"@executable_path/Frameworks",
				);
				MARKETING_VERSION = 1.0;
				PRODUCT_BUNDLE_IDENTIFIER = net.yagom.BoxOffice;
				PRODUCT_NAME = "$(TARGET_NAME)";
				SWIFT_EMIT_LOC_STRINGS = YES;
				SWIFT_VERSION = 5.0;
				TARGETED_DEVICE_FAMILY = 1;
			};
			name = Debug;
		};
		635A19FA28F9603A00197BCC /* Release */ = {
			isa = XCBuildConfiguration;
			buildSettings = {
				ASSETCATALOG_COMPILER_APPICON_NAME = AppIcon;
				ASSETCATALOG_COMPILER_GLOBAL_ACCENT_COLOR_NAME = AccentColor;
				CODE_SIGN_STYLE = Automatic;
				CURRENT_PROJECT_VERSION = 1;
				DEVELOPMENT_TEAM = 2PC84U64N2;
				GENERATE_INFOPLIST_FILE = YES;
				INFOPLIST_FILE = BoxOffice/Info.plist;
				INFOPLIST_KEY_UIApplicationSupportsIndirectInputEvents = YES;
				INFOPLIST_KEY_UILaunchStoryboardName = LaunchScreen;
				INFOPLIST_KEY_UISupportedInterfaceOrientations_iPad = "UIInterfaceOrientationPortrait UIInterfaceOrientationPortraitUpsideDown UIInterfaceOrientationLandscapeLeft UIInterfaceOrientationLandscapeRight";
				INFOPLIST_KEY_UISupportedInterfaceOrientations_iPhone = "UIInterfaceOrientationPortrait UIInterfaceOrientationLandscapeLeft UIInterfaceOrientationLandscapeRight";
				IPHONEOS_DEPLOYMENT_TARGET = 14.0;
				LD_RUNPATH_SEARCH_PATHS = (
					"$(inherited)",
					"@executable_path/Frameworks",
				);
				MARKETING_VERSION = 1.0;
				PRODUCT_BUNDLE_IDENTIFIER = net.yagom.BoxOffice;
				PRODUCT_NAME = "$(TARGET_NAME)";
				SWIFT_EMIT_LOC_STRINGS = YES;
				SWIFT_VERSION = 5.0;
				TARGETED_DEVICE_FAMILY = 1;
			};
			name = Release;
		};
/* End XCBuildConfiguration section */

/* Begin XCConfigurationList section */
		635A19DF28F9603900197BCC /* Build configuration list for PBXProject "BoxOffice" */ = {
			isa = XCConfigurationList;
			buildConfigurations = (
				635A19F628F9603A00197BCC /* Debug */,
				635A19F728F9603A00197BCC /* Release */,
			);
			defaultConfigurationIsVisible = 0;
			defaultConfigurationName = Release;
		};
		635A19F828F9603A00197BCC /* Build configuration list for PBXNativeTarget "BoxOffice" */ = {
			isa = XCConfigurationList;
			buildConfigurations = (
				635A19F928F9603A00197BCC /* Debug */,
				635A19FA28F9603A00197BCC /* Release */,
			);
			defaultConfigurationIsVisible = 0;
			defaultConfigurationName = Release;
		};
/* End XCConfigurationList section */
	};
	rootObject = 635A19DC28F9603900197BCC /* Project object */;
}
