// !$*UTF8*$!
{
	archiveVersion = 1;
	classes = {
	};
	objectVersion = 56;
	objects = {

/* Begin PBXBuildFile section */
		635A19E828F9603900197BCC /* AppDelegate.swift in Sources */ = {isa = PBXBuildFile; fileRef = 635A19E728F9603900197BCC /* AppDelegate.swift */; };
		635A19EA28F9603900197BCC /* SceneDelegate.swift in Sources */ = {isa = PBXBuildFile; fileRef = 635A19E928F9603900197BCC /* SceneDelegate.swift */; };
		635A19EC28F9603900197BCC /* HomeViewController.swift in Sources */ = {isa = PBXBuildFile; fileRef = 635A19EB28F9603900197BCC /* HomeViewController.swift */; };
		635A19F128F9603A00197BCC /* Assets.xcassets in Resources */ = {isa = PBXBuildFile; fileRef = 635A19F028F9603A00197BCC /* Assets.xcassets */; };
		635A19F428F9603A00197BCC /* LaunchScreen.storyboard in Resources */ = {isa = PBXBuildFile; fileRef = 635A19F228F9603A00197BCC /* LaunchScreen.storyboard */; };
		AF12A473296595CB008C484B /* CalendarPresentationController.swift in Sources */ = {isa = PBXBuildFile; fileRef = AF12A472296595CB008C484B /* CalendarPresentationController.swift */; };
		AF12A4752965963A008C484B /* CalendarTransitioningDelegate.swift in Sources */ = {isa = PBXBuildFile; fileRef = AF12A4742965963A008C484B /* CalendarTransitioningDelegate.swift */; };
		AF12A47829659722008C484B /* ModeSelectTransitioningDelegate.swift in Sources */ = {isa = PBXBuildFile; fileRef = AF12A47729659722008C484B /* ModeSelectTransitioningDelegate.swift */; };
		AF3AEB2D29669A6300B82DCB /* GridCell.swift in Sources */ = {isa = PBXBuildFile; fileRef = AF3AEB2C29669A6300B82DCB /* GridCell.swift */; };
		AF3AEB2F2966CB4B00B82DCB /* MovieAPIUseCase.swift in Sources */ = {isa = PBXBuildFile; fileRef = AF3AEB2E2966CB4B00B82DCB /* MovieAPIUseCase.swift */; };
		AF6C3A422962D5C80074574D /* APIConfiguration.swift in Sources */ = {isa = PBXBuildFile; fileRef = AF6C3A412962D5C80074574D /* APIConfiguration.swift */; };
		AF6C3A442962D5E00074574D /* APIError.swift in Sources */ = {isa = PBXBuildFile; fileRef = AF6C3A432962D5E00074574D /* APIError.swift */; };
		AF6C3A462962D5E70074574D /* API.swift in Sources */ = {isa = PBXBuildFile; fileRef = AF6C3A452962D5E70074574D /* API.swift */; };
		AF6C3A482962D6090074574D /* APIClient.swift in Sources */ = {isa = PBXBuildFile; fileRef = AF6C3A472962D6090074574D /* APIClient.swift */; };
		AF6C3A4B2962D7210074574D /* SearchDailyBoxOfficeListAPI.swift in Sources */ = {isa = PBXBuildFile; fileRef = AF6C3A4A2962D7210074574D /* SearchDailyBoxOfficeListAPI.swift */; };
		AF6C3A4D2962D74E0074574D /* SearchWeeklyBoxOfficeListAPI.swift in Sources */ = {isa = PBXBuildFile; fileRef = AF6C3A4C2962D74E0074574D /* SearchWeeklyBoxOfficeListAPI.swift */; };
		AF6C3A4F2962D79D0074574D /* SearchMovieInfoAPI.swift in Sources */ = {isa = PBXBuildFile; fileRef = AF6C3A4E2962D79D0074574D /* SearchMovieInfoAPI.swift */; };
		AF6C3A512962D7E20074574D /* SearchMoviePosterAPI.swift in Sources */ = {isa = PBXBuildFile; fileRef = AF6C3A502962D7E20074574D /* SearchMoviePosterAPI.swift */; };
		AF6C3A532962E4490074574D /* MovieInfo.plist in Resources */ = {isa = PBXBuildFile; fileRef = AF6C3A522962E4490074574D /* MovieInfo.plist */; };
		AF6C3A552962EA0B0074574D /* Bundle+Extension.swift in Sources */ = {isa = PBXBuildFile; fileRef = AF6C3A542962EA0B0074574D /* Bundle+Extension.swift */; };
		AF6C3A572962EBDE0074574D /* Dictionary+Extension.swift in Sources */ = {isa = PBXBuildFile; fileRef = AF6C3A562962EBDE0074574D /* Dictionary+Extension.swift */; };
		AF6C3A5A2962F1BC0074574D /* MovieCellData.swift in Sources */ = {isa = PBXBuildFile; fileRef = AF6C3A592962F1BC0074574D /* MovieCellData.swift */; };
		AF6C3A5C2962F4FF0074574D /* MovieDetail.swift in Sources */ = {isa = PBXBuildFile; fileRef = AF6C3A5B2962F4FF0074574D /* MovieDetail.swift */; };
		AF6C3A642963045F0074574D /* SearchDailyBoxOfficeListAPITests.swift in Sources */ = {isa = PBXBuildFile; fileRef = AF6C3A632963045F0074574D /* SearchDailyBoxOfficeListAPITests.swift */; };
		AF6C3A6B296306B80074574D /* SearchWeeklyBoxOfficeListAPITests.swift in Sources */ = {isa = PBXBuildFile; fileRef = AF6C3A6A296306B80074574D /* SearchWeeklyBoxOfficeListAPITests.swift */; };
		AF6C3A6D296306CE0074574D /* SearchMovieInfoAPITests.swift in Sources */ = {isa = PBXBuildFile; fileRef = AF6C3A6C296306CE0074574D /* SearchMovieInfoAPITests.swift */; };
		AF6C3A6F2963070C0074574D /* SearchMoviePosterAPITests.swift in Sources */ = {isa = PBXBuildFile; fileRef = AF6C3A6E2963070C0074574D /* SearchMoviePosterAPITests.swift */; };
		AF85E0A92965156A00A22732 /* ModeSelectPresentationController.swift in Sources */ = {isa = PBXBuildFile; fileRef = AF85E0A82965156A00A22732 /* ModeSelectPresentationController.swift */; };
		AF85E0AB29651C0000A22732 /* ModeSelectCell.swift in Sources */ = {isa = PBXBuildFile; fileRef = AF85E0AA29651C0000A22732 /* ModeSelectCell.swift */; };
		AF85E0AD29653D7400A22732 /* HomeViewModel.swift in Sources */ = {isa = PBXBuildFile; fileRef = AF85E0AC29653D7400A22732 /* HomeViewModel.swift */; };
		AF85E0AF296541FA00A22732 /* Observable.swift in Sources */ = {isa = PBXBuildFile; fileRef = AF85E0AE296541FA00A22732 /* Observable.swift */; };
		AF85E0B12965509D00A22732 /* ImageCacheManager.swift in Sources */ = {isa = PBXBuildFile; fileRef = AF85E0B02965509D00A22732 /* ImageCacheManager.swift */; };
		AF85E0B329656BBA00A22732 /* CalendarViewController.swift in Sources */ = {isa = PBXBuildFile; fileRef = AF85E0B229656BBA00A22732 /* CalendarViewController.swift */; };
		AF85E0B5296571A300A22732 /* Date+Extension.swift in Sources */ = {isa = PBXBuildFile; fileRef = AF85E0B4296571A300A22732 /* Date+Extension.swift */; };
		AFB6BB712963C4AA00386D14 /* ListCell.swift in Sources */ = {isa = PBXBuildFile; fileRef = AFB6BB702963C4AA00386D14 /* ListCell.swift */; };
		AFB6BB73296413B300386D14 /* HomeCollectionView.swift in Sources */ = {isa = PBXBuildFile; fileRef = AFB6BB72296413B300386D14 /* HomeCollectionView.swift */; };
		AFB6BB752964553D00386D14 /* HeaderView.swift in Sources */ = {isa = PBXBuildFile; fileRef = AFB6BB742964553D00386D14 /* HeaderView.swift */; };
		AFB6BB7729646B6400386D14 /* ModeSelectViewController.swift in Sources */ = {isa = PBXBuildFile; fileRef = AFB6BB7629646B6400386D14 /* ModeSelectViewController.swift */; };
/* End PBXBuildFile section */

/* Begin PBXContainerItemProxy section */
		AF6C3A652963045F0074574D /* PBXContainerItemProxy */ = {
			isa = PBXContainerItemProxy;
			containerPortal = 635A19DC28F9603900197BCC /* Project object */;
			proxyType = 1;
			remoteGlobalIDString = 635A19E328F9603900197BCC;
			remoteInfo = BoxOffice;
		};
/* End PBXContainerItemProxy section */

/* Begin PBXFileReference section */
		635A19E428F9603900197BCC /* BoxOffice.app */ = {isa = PBXFileReference; explicitFileType = wrapper.application; includeInIndex = 0; path = BoxOffice.app; sourceTree = BUILT_PRODUCTS_DIR; };
		635A19E728F9603900197BCC /* AppDelegate.swift */ = {isa = PBXFileReference; lastKnownFileType = sourcecode.swift; path = AppDelegate.swift; sourceTree = "<group>"; };
		635A19E928F9603900197BCC /* SceneDelegate.swift */ = {isa = PBXFileReference; lastKnownFileType = sourcecode.swift; path = SceneDelegate.swift; sourceTree = "<group>"; };
		635A19EB28F9603900197BCC /* HomeViewController.swift */ = {isa = PBXFileReference; lastKnownFileType = sourcecode.swift; path = HomeViewController.swift; sourceTree = "<group>"; };
		635A19F028F9603A00197BCC /* Assets.xcassets */ = {isa = PBXFileReference; lastKnownFileType = folder.assetcatalog; path = Assets.xcassets; sourceTree = "<group>"; };
		635A19F328F9603A00197BCC /* Base */ = {isa = PBXFileReference; lastKnownFileType = file.storyboard; name = Base; path = Base.lproj/LaunchScreen.storyboard; sourceTree = "<group>"; };
		635A19F528F9603A00197BCC /* Info.plist */ = {isa = PBXFileReference; lastKnownFileType = text.plist.xml; path = Info.plist; sourceTree = "<group>"; };
		AF12A472296595CB008C484B /* CalendarPresentationController.swift */ = {isa = PBXFileReference; lastKnownFileType = sourcecode.swift; path = CalendarPresentationController.swift; sourceTree = "<group>"; };
		AF12A4742965963A008C484B /* CalendarTransitioningDelegate.swift */ = {isa = PBXFileReference; lastKnownFileType = sourcecode.swift; path = CalendarTransitioningDelegate.swift; sourceTree = "<group>"; };
		AF12A47729659722008C484B /* ModeSelectTransitioningDelegate.swift */ = {isa = PBXFileReference; lastKnownFileType = sourcecode.swift; path = ModeSelectTransitioningDelegate.swift; sourceTree = "<group>"; };
		AF3AEB2C29669A6300B82DCB /* GridCell.swift */ = {isa = PBXFileReference; lastKnownFileType = sourcecode.swift; path = GridCell.swift; sourceTree = "<group>"; };
		AF3AEB2E2966CB4B00B82DCB /* MovieAPIUseCase.swift */ = {isa = PBXFileReference; lastKnownFileType = sourcecode.swift; path = MovieAPIUseCase.swift; sourceTree = "<group>"; };
		AF6C3A412962D5C80074574D /* APIConfiguration.swift */ = {isa = PBXFileReference; lastKnownFileType = sourcecode.swift; path = APIConfiguration.swift; sourceTree = "<group>"; };
		AF6C3A432962D5E00074574D /* APIError.swift */ = {isa = PBXFileReference; lastKnownFileType = sourcecode.swift; path = APIError.swift; sourceTree = "<group>"; };
		AF6C3A452962D5E70074574D /* API.swift */ = {isa = PBXFileReference; lastKnownFileType = sourcecode.swift; path = API.swift; sourceTree = "<group>"; };
		AF6C3A472962D6090074574D /* APIClient.swift */ = {isa = PBXFileReference; lastKnownFileType = sourcecode.swift; path = APIClient.swift; sourceTree = "<group>"; };
		AF6C3A4A2962D7210074574D /* SearchDailyBoxOfficeListAPI.swift */ = {isa = PBXFileReference; lastKnownFileType = sourcecode.swift; path = SearchDailyBoxOfficeListAPI.swift; sourceTree = "<group>"; };
		AF6C3A4C2962D74E0074574D /* SearchWeeklyBoxOfficeListAPI.swift */ = {isa = PBXFileReference; lastKnownFileType = sourcecode.swift; path = SearchWeeklyBoxOfficeListAPI.swift; sourceTree = "<group>"; };
		AF6C3A4E2962D79D0074574D /* SearchMovieInfoAPI.swift */ = {isa = PBXFileReference; lastKnownFileType = sourcecode.swift; path = SearchMovieInfoAPI.swift; sourceTree = "<group>"; };
		AF6C3A502962D7E20074574D /* SearchMoviePosterAPI.swift */ = {isa = PBXFileReference; lastKnownFileType = sourcecode.swift; path = SearchMoviePosterAPI.swift; sourceTree = "<group>"; };
		AF6C3A522962E4490074574D /* MovieInfo.plist */ = {isa = PBXFileReference; lastKnownFileType = text.plist.xml; path = MovieInfo.plist; sourceTree = "<group>"; };
		AF6C3A542962EA0B0074574D /* Bundle+Extension.swift */ = {isa = PBXFileReference; lastKnownFileType = sourcecode.swift; path = "Bundle+Extension.swift"; sourceTree = "<group>"; };
		AF6C3A562962EBDE0074574D /* Dictionary+Extension.swift */ = {isa = PBXFileReference; lastKnownFileType = sourcecode.swift; path = "Dictionary+Extension.swift"; sourceTree = "<group>"; };
		AF6C3A592962F1BC0074574D /* MovieCellData.swift */ = {isa = PBXFileReference; lastKnownFileType = sourcecode.swift; path = MovieCellData.swift; sourceTree = "<group>"; };
		AF6C3A5B2962F4FF0074574D /* MovieDetail.swift */ = {isa = PBXFileReference; lastKnownFileType = sourcecode.swift; path = MovieDetail.swift; sourceTree = "<group>"; };
		AF6C3A612963045F0074574D /* APITests.xctest */ = {isa = PBXFileReference; explicitFileType = wrapper.cfbundle; includeInIndex = 0; path = APITests.xctest; sourceTree = BUILT_PRODUCTS_DIR; };
		AF6C3A632963045F0074574D /* SearchDailyBoxOfficeListAPITests.swift */ = {isa = PBXFileReference; lastKnownFileType = sourcecode.swift; path = SearchDailyBoxOfficeListAPITests.swift; sourceTree = "<group>"; };
		AF6C3A6A296306B80074574D /* SearchWeeklyBoxOfficeListAPITests.swift */ = {isa = PBXFileReference; lastKnownFileType = sourcecode.swift; path = SearchWeeklyBoxOfficeListAPITests.swift; sourceTree = "<group>"; };
		AF6C3A6C296306CE0074574D /* SearchMovieInfoAPITests.swift */ = {isa = PBXFileReference; lastKnownFileType = sourcecode.swift; path = SearchMovieInfoAPITests.swift; sourceTree = "<group>"; };
		AF6C3A6E2963070C0074574D /* SearchMoviePosterAPITests.swift */ = {isa = PBXFileReference; lastKnownFileType = sourcecode.swift; path = SearchMoviePosterAPITests.swift; sourceTree = "<group>"; };
		AF85E0A82965156A00A22732 /* ModeSelectPresentationController.swift */ = {isa = PBXFileReference; lastKnownFileType = sourcecode.swift; path = ModeSelectPresentationController.swift; sourceTree = "<group>"; };
		AF85E0AA29651C0000A22732 /* ModeSelectCell.swift */ = {isa = PBXFileReference; lastKnownFileType = sourcecode.swift; path = ModeSelectCell.swift; sourceTree = "<group>"; };
		AF85E0AC29653D7400A22732 /* HomeViewModel.swift */ = {isa = PBXFileReference; lastKnownFileType = sourcecode.swift; path = HomeViewModel.swift; sourceTree = "<group>"; };
		AF85E0AE296541FA00A22732 /* Observable.swift */ = {isa = PBXFileReference; lastKnownFileType = sourcecode.swift; path = Observable.swift; sourceTree = "<group>"; };
		AF85E0B02965509D00A22732 /* ImageCacheManager.swift */ = {isa = PBXFileReference; lastKnownFileType = sourcecode.swift; path = ImageCacheManager.swift; sourceTree = "<group>"; };
		AF85E0B229656BBA00A22732 /* CalendarViewController.swift */ = {isa = PBXFileReference; lastKnownFileType = sourcecode.swift; path = CalendarViewController.swift; sourceTree = "<group>"; };
		AF85E0B4296571A300A22732 /* Date+Extension.swift */ = {isa = PBXFileReference; lastKnownFileType = sourcecode.swift; path = "Date+Extension.swift"; sourceTree = "<group>"; };
		AFB6BB702963C4AA00386D14 /* ListCell.swift */ = {isa = PBXFileReference; lastKnownFileType = sourcecode.swift; path = ListCell.swift; sourceTree = "<group>"; };
		AFB6BB72296413B300386D14 /* HomeCollectionView.swift */ = {isa = PBXFileReference; lastKnownFileType = sourcecode.swift; path = HomeCollectionView.swift; sourceTree = "<group>"; };
		AFB6BB742964553D00386D14 /* HeaderView.swift */ = {isa = PBXFileReference; lastKnownFileType = sourcecode.swift; path = HeaderView.swift; sourceTree = "<group>"; };
		AFB6BB7629646B6400386D14 /* ModeSelectViewController.swift */ = {isa = PBXFileReference; lastKnownFileType = sourcecode.swift; path = ModeSelectViewController.swift; sourceTree = "<group>"; };
/* End PBXFileReference section */

/* Begin PBXFrameworksBuildPhase section */
		635A19E128F9603900197BCC /* Frameworks */ = {
			isa = PBXFrameworksBuildPhase;
			buildActionMask = 2147483647;
			files = (
			);
			runOnlyForDeploymentPostprocessing = 0;
		};
		AF6C3A5E2963045F0074574D /* Frameworks */ = {
			isa = PBXFrameworksBuildPhase;
			buildActionMask = 2147483647;
			files = (
			);
			runOnlyForDeploymentPostprocessing = 0;
		};
/* End PBXFrameworksBuildPhase section */

/* Begin PBXGroup section */
		203201FA2962CE0700097F31 /* Application */ = {
			isa = PBXGroup;
			children = (
				635A19E728F9603900197BCC /* AppDelegate.swift */,
				635A19E928F9603900197BCC /* SceneDelegate.swift */,
			);
			path = Application;
			sourceTree = "<group>";
		};
		203201FB2962CE1900097F31 /* Resource */ = {
			isa = PBXGroup;
			children = (
				635A19F028F9603A00197BCC /* Assets.xcassets */,
				635A19F228F9603A00197BCC /* LaunchScreen.storyboard */,
			);
			path = Resource;
			sourceTree = "<group>";
		};
		635A19DB28F9603900197BCC = {
			isa = PBXGroup;
			children = (
				635A19E628F9603900197BCC /* BoxOffice */,
				AF6C3A622963045F0074574D /* APITests */,
				635A19E528F9603900197BCC /* Products */,
			);
			sourceTree = "<group>";
		};
		635A19E528F9603900197BCC /* Products */ = {
			isa = PBXGroup;
			children = (
				635A19E428F9603900197BCC /* BoxOffice.app */,
				AF6C3A612963045F0074574D /* APITests.xctest */,
			);
			name = Products;
			sourceTree = "<group>";
		};
		635A19E628F9603900197BCC /* BoxOffice */ = {
			isa = PBXGroup;
			children = (
				635A19F528F9603A00197BCC /* Info.plist */,
				AF6C3A522962E4490074574D /* MovieInfo.plist */,
				AF6C3A582962F18B0074574D /* Model */,
				AF6C3A492962D6DA0074574D /* APIs */,
				AF6C3A402962D5B50074574D /* Network */,
				203201FB2962CE1900097F31 /* Resource */,
				203201FA2962CE0700097F31 /* Application */,
				AF85E0B02965509D00A22732 /* ImageCacheManager.swift */,
				AF85E0B4296571A300A22732 /* Date+Extension.swift */,
				AF85E0AE296541FA00A22732 /* Observable.swift */,
				AF12A47A29659773008C484B /* HomeView */,
				AF12A47929659744008C484B /* ModeSelectModalView */,
				AF12A4762965965C008C484B /* CalendarModalView */,
			);
			path = BoxOffice;
			sourceTree = "<group>";
		};
		AF12A4762965965C008C484B /* CalendarModalView */ = {
			isa = PBXGroup;
			children = (
				AF85E0B229656BBA00A22732 /* CalendarViewController.swift */,
				AF12A472296595CB008C484B /* CalendarPresentationController.swift */,
				AF12A4742965963A008C484B /* CalendarTransitioningDelegate.swift */,
			);
			path = CalendarModalView;
			sourceTree = "<group>";
		};
		AF12A47929659744008C484B /* ModeSelectModalView */ = {
			isa = PBXGroup;
			children = (
				AFB6BB7629646B6400386D14 /* ModeSelectViewController.swift */,
				AF85E0AA29651C0000A22732 /* ModeSelectCell.swift */,
				AF85E0A82965156A00A22732 /* ModeSelectPresentationController.swift */,
				AF12A47729659722008C484B /* ModeSelectTransitioningDelegate.swift */,
			);
			path = ModeSelectModalView;
			sourceTree = "<group>";
		};
		AF12A47A29659773008C484B /* HomeView */ = {
			isa = PBXGroup;
			children = (
				635A19EB28F9603900197BCC /* HomeViewController.swift */,
				AF85E0AC29653D7400A22732 /* HomeViewModel.swift */,
				AF3AEB2E2966CB4B00B82DCB /* MovieAPIUseCase.swift */,
				AFB6BB72296413B300386D14 /* HomeCollectionView.swift */,
				AFB6BB702963C4AA00386D14 /* ListCell.swift */,
				AF3AEB2C29669A6300B82DCB /* GridCell.swift */,
				AFB6BB742964553D00386D14 /* HeaderView.swift */,
			);
			path = HomeView;
			sourceTree = "<group>";
		};
		AF6C3A402962D5B50074574D /* Network */ = {
			isa = PBXGroup;
			children = (
				AF6C3A412962D5C80074574D /* APIConfiguration.swift */,
				AF6C3A432962D5E00074574D /* APIError.swift */,
				AF6C3A452962D5E70074574D /* API.swift */,
				AF6C3A472962D6090074574D /* APIClient.swift */,
				AF6C3A542962EA0B0074574D /* Bundle+Extension.swift */,
				AF6C3A562962EBDE0074574D /* Dictionary+Extension.swift */,
			);
			path = Network;
			sourceTree = "<group>";
		};
		AF6C3A492962D6DA0074574D /* APIs */ = {
			isa = PBXGroup;
			children = (
				AF6C3A4A2962D7210074574D /* SearchDailyBoxOfficeListAPI.swift */,
				AF6C3A4C2962D74E0074574D /* SearchWeeklyBoxOfficeListAPI.swift */,
				AF6C3A4E2962D79D0074574D /* SearchMovieInfoAPI.swift */,
				AF6C3A502962D7E20074574D /* SearchMoviePosterAPI.swift */,
			);
			path = APIs;
			sourceTree = "<group>";
		};
		AF6C3A582962F18B0074574D /* Model */ = {
			isa = PBXGroup;
			children = (
				AF6C3A592962F1BC0074574D /* MovieCellData.swift */,
				AF6C3A5B2962F4FF0074574D /* MovieDetail.swift */,
			);
			path = Model;
			sourceTree = "<group>";
		};
		AF6C3A622963045F0074574D /* APITests */ = {
			isa = PBXGroup;
			children = (
				AF6C3A632963045F0074574D /* SearchDailyBoxOfficeListAPITests.swift */,
				AF6C3A6E2963070C0074574D /* SearchMoviePosterAPITests.swift */,
				AF6C3A6A296306B80074574D /* SearchWeeklyBoxOfficeListAPITests.swift */,
				AF6C3A6C296306CE0074574D /* SearchMovieInfoAPITests.swift */,
			);
			path = APITests;
			sourceTree = "<group>";
		};
/* End PBXGroup section */

/* Begin PBXNativeTarget section */
		635A19E328F9603900197BCC /* BoxOffice */ = {
			isa = PBXNativeTarget;
			buildConfigurationList = 635A19F828F9603A00197BCC /* Build configuration list for PBXNativeTarget "BoxOffice" */;
			buildPhases = (
				635A19E028F9603900197BCC /* Sources */,
				635A19E128F9603900197BCC /* Frameworks */,
				635A19E228F9603900197BCC /* Resources */,
			);
			buildRules = (
			);
			dependencies = (
			);
			name = BoxOffice;
			productName = BoxOffice;
			productReference = 635A19E428F9603900197BCC /* BoxOffice.app */;
			productType = "com.apple.product-type.application";
		};
		AF6C3A602963045F0074574D /* APITests */ = {
			isa = PBXNativeTarget;
			buildConfigurationList = AF6C3A672963045F0074574D /* Build configuration list for PBXNativeTarget "APITests" */;
			buildPhases = (
				AF6C3A5D2963045F0074574D /* Sources */,
				AF6C3A5E2963045F0074574D /* Frameworks */,
				AF6C3A5F2963045F0074574D /* Resources */,
			);
			buildRules = (
			);
			dependencies = (
				AF6C3A662963045F0074574D /* PBXTargetDependency */,
			);
			name = APITests;
			productName = APITests;
			productReference = AF6C3A612963045F0074574D /* APITests.xctest */;
			productType = "com.apple.product-type.bundle.unit-test";
		};
/* End PBXNativeTarget section */

/* Begin PBXProject section */
		635A19DC28F9603900197BCC /* Project object */ = {
			isa = PBXProject;
			attributes = {
				BuildIndependentTargetsInParallel = 1;
				LastSwiftUpdateCheck = 1400;
				LastUpgradeCheck = 1400;
				TargetAttributes = {
					635A19E328F9603900197BCC = {
						CreatedOnToolsVersion = 14.0.1;
					};
					AF6C3A602963045F0074574D = {
						CreatedOnToolsVersion = 14.0.1;
						TestTargetID = 635A19E328F9603900197BCC;
					};
				};
			};
			buildConfigurationList = 635A19DF28F9603900197BCC /* Build configuration list for PBXProject "BoxOffice" */;
			compatibilityVersion = "Xcode 14.0";
			developmentRegion = en;
			hasScannedForEncodings = 0;
			knownRegions = (
				en,
				Base,
			);
			mainGroup = 635A19DB28F9603900197BCC;
			productRefGroup = 635A19E528F9603900197BCC /* Products */;
			projectDirPath = "";
			projectRoot = "";
			targets = (
				635A19E328F9603900197BCC /* BoxOffice */,
				AF6C3A602963045F0074574D /* APITests */,
			);
		};
/* End PBXProject section */

/* Begin PBXResourcesBuildPhase section */
		635A19E228F9603900197BCC /* Resources */ = {
			isa = PBXResourcesBuildPhase;
			buildActionMask = 2147483647;
			files = (
				635A19F428F9603A00197BCC /* LaunchScreen.storyboard in Resources */,
				AF6C3A532962E4490074574D /* MovieInfo.plist in Resources */,
				635A19F128F9603A00197BCC /* Assets.xcassets in Resources */,
			);
			runOnlyForDeploymentPostprocessing = 0;
		};
		AF6C3A5F2963045F0074574D /* Resources */ = {
			isa = PBXResourcesBuildPhase;
			buildActionMask = 2147483647;
			files = (
			);
			runOnlyForDeploymentPostprocessing = 0;
		};
/* End PBXResourcesBuildPhase section */

/* Begin PBXSourcesBuildPhase section */
		635A19E028F9603900197BCC /* Sources */ = {
			isa = PBXSourcesBuildPhase;
			buildActionMask = 2147483647;
			files = (
				AF6C3A5A2962F1BC0074574D /* MovieCellData.swift in Sources */,
				AF85E0AD29653D7400A22732 /* HomeViewModel.swift in Sources */,
				AFB6BB752964553D00386D14 /* HeaderView.swift in Sources */,
				AF6C3A4B2962D7210074574D /* SearchDailyBoxOfficeListAPI.swift in Sources */,
				AF12A47829659722008C484B /* ModeSelectTransitioningDelegate.swift in Sources */,
				AF6C3A4D2962D74E0074574D /* SearchWeeklyBoxOfficeListAPI.swift in Sources */,
				AF85E0B329656BBA00A22732 /* CalendarViewController.swift in Sources */,
				635A19EC28F9603900197BCC /* HomeViewController.swift in Sources */,
				AF6C3A482962D6090074574D /* APIClient.swift in Sources */,
				AF12A4752965963A008C484B /* CalendarTransitioningDelegate.swift in Sources */,
				AFB6BB73296413B300386D14 /* HomeCollectionView.swift in Sources */,
				AFB6BB7729646B6400386D14 /* ModeSelectViewController.swift in Sources */,
				AF6C3A572962EBDE0074574D /* Dictionary+Extension.swift in Sources */,
				635A19E828F9603900197BCC /* AppDelegate.swift in Sources */,
				AF6C3A512962D7E20074574D /* SearchMoviePosterAPI.swift in Sources */,
				635A19EA28F9603900197BCC /* SceneDelegate.swift in Sources */,
				AF6C3A552962EA0B0074574D /* Bundle+Extension.swift in Sources */,
				AF85E0B5296571A300A22732 /* Date+Extension.swift in Sources */,
				AF6C3A442962D5E00074574D /* APIError.swift in Sources */,
				AFB6BB712963C4AA00386D14 /* ListCell.swift in Sources */,
				AF6C3A462962D5E70074574D /* API.swift in Sources */,
				AF85E0AB29651C0000A22732 /* ModeSelectCell.swift in Sources */,
				AF3AEB2F2966CB4B00B82DCB /* MovieAPIUseCase.swift in Sources */,
				AF6C3A5C2962F4FF0074574D /* MovieDetail.swift in Sources */,
				AF6C3A422962D5C80074574D /* APIConfiguration.swift in Sources */,
				AF85E0B12965509D00A22732 /* ImageCacheManager.swift in Sources */,
				AF6C3A4F2962D79D0074574D /* SearchMovieInfoAPI.swift in Sources */,
				AF85E0A92965156A00A22732 /* ModeSelectPresentationController.swift in Sources */,
				AF12A473296595CB008C484B /* CalendarPresentationController.swift in Sources */,
				AF85E0AF296541FA00A22732 /* Observable.swift in Sources */,
				AF3AEB2D29669A6300B82DCB /* GridCell.swift in Sources */,
			);
			runOnlyForDeploymentPostprocessing = 0;
		};
		AF6C3A5D2963045F0074574D /* Sources */ = {
			isa = PBXSourcesBuildPhase;
			buildActionMask = 2147483647;
			files = (
				AF6C3A642963045F0074574D /* SearchDailyBoxOfficeListAPITests.swift in Sources */,
				AF6C3A6D296306CE0074574D /* SearchMovieInfoAPITests.swift in Sources */,
				AF6C3A6F2963070C0074574D /* SearchMoviePosterAPITests.swift in Sources */,
				AF6C3A6B296306B80074574D /* SearchWeeklyBoxOfficeListAPITests.swift in Sources */,
			);
			runOnlyForDeploymentPostprocessing = 0;
		};
/* End PBXSourcesBuildPhase section */

/* Begin PBXTargetDependency section */
		AF6C3A662963045F0074574D /* PBXTargetDependency */ = {
			isa = PBXTargetDependency;
			target = 635A19E328F9603900197BCC /* BoxOffice */;
			targetProxy = AF6C3A652963045F0074574D /* PBXContainerItemProxy */;
		};
/* End PBXTargetDependency section */

/* Begin PBXVariantGroup section */
		635A19F228F9603A00197BCC /* LaunchScreen.storyboard */ = {
			isa = PBXVariantGroup;
			children = (
				635A19F328F9603A00197BCC /* Base */,
			);
			name = LaunchScreen.storyboard;
			sourceTree = "<group>";
		};
/* End PBXVariantGroup section */

/* Begin XCBuildConfiguration section */
		635A19F628F9603A00197BCC /* Debug */ = {
			isa = XCBuildConfiguration;
			buildSettings = {
				ALWAYS_SEARCH_USER_PATHS = NO;
				CLANG_ANALYZER_NONNULL = YES;
				CLANG_ANALYZER_NUMBER_OBJECT_CONVERSION = YES_AGGRESSIVE;
				CLANG_CXX_LANGUAGE_STANDARD = "gnu++20";
				CLANG_ENABLE_MODULES = YES;
				CLANG_ENABLE_OBJC_ARC = YES;
				CLANG_ENABLE_OBJC_WEAK = YES;
				CLANG_WARN_BLOCK_CAPTURE_AUTORELEASING = YES;
				CLANG_WARN_BOOL_CONVERSION = YES;
				CLANG_WARN_COMMA = YES;
				CLANG_WARN_CONSTANT_CONVERSION = YES;
				CLANG_WARN_DEPRECATED_OBJC_IMPLEMENTATIONS = YES;
				CLANG_WARN_DIRECT_OBJC_ISA_USAGE = YES_ERROR;
				CLANG_WARN_DOCUMENTATION_COMMENTS = YES;
				CLANG_WARN_EMPTY_BODY = YES;
				CLANG_WARN_ENUM_CONVERSION = YES;
				CLANG_WARN_INFINITE_RECURSION = YES;
				CLANG_WARN_INT_CONVERSION = YES;
				CLANG_WARN_NON_LITERAL_NULL_CONVERSION = YES;
				CLANG_WARN_OBJC_IMPLICIT_RETAIN_SELF = YES;
				CLANG_WARN_OBJC_LITERAL_CONVERSION = YES;
				CLANG_WARN_OBJC_ROOT_CLASS = YES_ERROR;
				CLANG_WARN_QUOTED_INCLUDE_IN_FRAMEWORK_HEADER = YES;
				CLANG_WARN_RANGE_LOOP_ANALYSIS = YES;
				CLANG_WARN_STRICT_PROTOTYPES = YES;
				CLANG_WARN_SUSPICIOUS_MOVE = YES;
				CLANG_WARN_UNGUARDED_AVAILABILITY = YES_AGGRESSIVE;
				CLANG_WARN_UNREACHABLE_CODE = YES;
				CLANG_WARN__DUPLICATE_METHOD_MATCH = YES;
				COPY_PHASE_STRIP = NO;
				DEBUG_INFORMATION_FORMAT = dwarf;
				ENABLE_STRICT_OBJC_MSGSEND = YES;
				ENABLE_TESTABILITY = YES;
				GCC_C_LANGUAGE_STANDARD = gnu11;
				GCC_DYNAMIC_NO_PIC = NO;
				GCC_NO_COMMON_BLOCKS = YES;
				GCC_OPTIMIZATION_LEVEL = 0;
				GCC_PREPROCESSOR_DEFINITIONS = (
					"DEBUG=1",
					"$(inherited)",
				);
				GCC_WARN_64_TO_32_BIT_CONVERSION = YES;
				GCC_WARN_ABOUT_RETURN_TYPE = YES_ERROR;
				GCC_WARN_UNDECLARED_SELECTOR = YES;
				GCC_WARN_UNINITIALIZED_AUTOS = YES_AGGRESSIVE;
				GCC_WARN_UNUSED_FUNCTION = YES;
				GCC_WARN_UNUSED_VARIABLE = YES;
				IPHONEOS_DEPLOYMENT_TARGET = 16.0;
				MTL_ENABLE_DEBUG_INFO = INCLUDE_SOURCE;
				MTL_FAST_MATH = YES;
				ONLY_ACTIVE_ARCH = YES;
				SDKROOT = iphoneos;
				SWIFT_ACTIVE_COMPILATION_CONDITIONS = DEBUG;
				SWIFT_OPTIMIZATION_LEVEL = "-Onone";
			};
			name = Debug;
		};
		635A19F728F9603A00197BCC /* Release */ = {
			isa = XCBuildConfiguration;
			buildSettings = {
				ALWAYS_SEARCH_USER_PATHS = NO;
				CLANG_ANALYZER_NONNULL = YES;
				CLANG_ANALYZER_NUMBER_OBJECT_CONVERSION = YES_AGGRESSIVE;
				CLANG_CXX_LANGUAGE_STANDARD = "gnu++20";
				CLANG_ENABLE_MODULES = YES;
				CLANG_ENABLE_OBJC_ARC = YES;
				CLANG_ENABLE_OBJC_WEAK = YES;
				CLANG_WARN_BLOCK_CAPTURE_AUTORELEASING = YES;
				CLANG_WARN_BOOL_CONVERSION = YES;
				CLANG_WARN_COMMA = YES;
				CLANG_WARN_CONSTANT_CONVERSION = YES;
				CLANG_WARN_DEPRECATED_OBJC_IMPLEMENTATIONS = YES;
				CLANG_WARN_DIRECT_OBJC_ISA_USAGE = YES_ERROR;
				CLANG_WARN_DOCUMENTATION_COMMENTS = YES;
				CLANG_WARN_EMPTY_BODY = YES;
				CLANG_WARN_ENUM_CONVERSION = YES;
				CLANG_WARN_INFINITE_RECURSION = YES;
				CLANG_WARN_INT_CONVERSION = YES;
				CLANG_WARN_NON_LITERAL_NULL_CONVERSION = YES;
				CLANG_WARN_OBJC_IMPLICIT_RETAIN_SELF = YES;
				CLANG_WARN_OBJC_LITERAL_CONVERSION = YES;
				CLANG_WARN_OBJC_ROOT_CLASS = YES_ERROR;
				CLANG_WARN_QUOTED_INCLUDE_IN_FRAMEWORK_HEADER = YES;
				CLANG_WARN_RANGE_LOOP_ANALYSIS = YES;
				CLANG_WARN_STRICT_PROTOTYPES = YES;
				CLANG_WARN_SUSPICIOUS_MOVE = YES;
				CLANG_WARN_UNGUARDED_AVAILABILITY = YES_AGGRESSIVE;
				CLANG_WARN_UNREACHABLE_CODE = YES;
				CLANG_WARN__DUPLICATE_METHOD_MATCH = YES;
				COPY_PHASE_STRIP = NO;
				DEBUG_INFORMATION_FORMAT = "dwarf-with-dsym";
				ENABLE_NS_ASSERTIONS = NO;
				ENABLE_STRICT_OBJC_MSGSEND = YES;
				GCC_C_LANGUAGE_STANDARD = gnu11;
				GCC_NO_COMMON_BLOCKS = YES;
				GCC_WARN_64_TO_32_BIT_CONVERSION = YES;
				GCC_WARN_ABOUT_RETURN_TYPE = YES_ERROR;
				GCC_WARN_UNDECLARED_SELECTOR = YES;
				GCC_WARN_UNINITIALIZED_AUTOS = YES_AGGRESSIVE;
				GCC_WARN_UNUSED_FUNCTION = YES;
				GCC_WARN_UNUSED_VARIABLE = YES;
				IPHONEOS_DEPLOYMENT_TARGET = 16.0;
				MTL_ENABLE_DEBUG_INFO = NO;
				MTL_FAST_MATH = YES;
				SDKROOT = iphoneos;
				SWIFT_COMPILATION_MODE = wholemodule;
				SWIFT_OPTIMIZATION_LEVEL = "-O";
				VALIDATE_PRODUCT = YES;
			};
			name = Release;
		};
		635A19F928F9603A00197BCC /* Debug */ = {
			isa = XCBuildConfiguration;
			buildSettings = {
				ASSETCATALOG_COMPILER_APPICON_NAME = AppIcon;
				ASSETCATALOG_COMPILER_GLOBAL_ACCENT_COLOR_NAME = AccentColor;
				CODE_SIGN_STYLE = Automatic;
				CURRENT_PROJECT_VERSION = 1;
				GENERATE_INFOPLIST_FILE = YES;
				INFOPLIST_FILE = BoxOffice/Info.plist;
				INFOPLIST_KEY_UIApplicationSupportsIndirectInputEvents = YES;
				INFOPLIST_KEY_UILaunchStoryboardName = LaunchScreen;
				INFOPLIST_KEY_UISupportedInterfaceOrientations_iPad = "UIInterfaceOrientationPortrait UIInterfaceOrientationPortraitUpsideDown UIInterfaceOrientationLandscapeLeft UIInterfaceOrientationLandscapeRight";
				INFOPLIST_KEY_UISupportedInterfaceOrientations_iPhone = "UIInterfaceOrientationPortrait UIInterfaceOrientationLandscapeLeft UIInterfaceOrientationLandscapeRight";
				IPHONEOS_DEPLOYMENT_TARGET = 14.0;
				LD_RUNPATH_SEARCH_PATHS = (
					"$(inherited)",
					"@executable_path/Frameworks",
				);
				MARKETING_VERSION = 1.0;
				PRODUCT_BUNDLE_IDENTIFIER = net.yagom.BoxOffice;
				PRODUCT_NAME = "$(TARGET_NAME)";
				SWIFT_EMIT_LOC_STRINGS = YES;
				SWIFT_VERSION = 5.0;
				TARGETED_DEVICE_FAMILY = "1,2";
			};
			name = Debug;
		};
		635A19FA28F9603A00197BCC /* Release */ = {
			isa = XCBuildConfiguration;
			buildSettings = {
				ASSETCATALOG_COMPILER_APPICON_NAME = AppIcon;
				ASSETCATALOG_COMPILER_GLOBAL_ACCENT_COLOR_NAME = AccentColor;
				CODE_SIGN_STYLE = Automatic;
				CURRENT_PROJECT_VERSION = 1;
				GENERATE_INFOPLIST_FILE = YES;
				INFOPLIST_FILE = BoxOffice/Info.plist;
				INFOPLIST_KEY_UIApplicationSupportsIndirectInputEvents = YES;
				INFOPLIST_KEY_UILaunchStoryboardName = LaunchScreen;
				INFOPLIST_KEY_UISupportedInterfaceOrientations_iPad = "UIInterfaceOrientationPortrait UIInterfaceOrientationPortraitUpsideDown UIInterfaceOrientationLandscapeLeft UIInterfaceOrientationLandscapeRight";
				INFOPLIST_KEY_UISupportedInterfaceOrientations_iPhone = "UIInterfaceOrientationPortrait UIInterfaceOrientationLandscapeLeft UIInterfaceOrientationLandscapeRight";
				IPHONEOS_DEPLOYMENT_TARGET = 14.0;
				LD_RUNPATH_SEARCH_PATHS = (
					"$(inherited)",
					"@executable_path/Frameworks",
				);
				MARKETING_VERSION = 1.0;
				PRODUCT_BUNDLE_IDENTIFIER = net.yagom.BoxOffice;
				PRODUCT_NAME = "$(TARGET_NAME)";
				SWIFT_EMIT_LOC_STRINGS = YES;
				SWIFT_VERSION = 5.0;
				TARGETED_DEVICE_FAMILY = "1,2";
			};
			name = Release;
		};
		AF6C3A682963045F0074574D /* Debug */ = {
			isa = XCBuildConfiguration;
			buildSettings = {
				BUNDLE_LOADER = "$(TEST_HOST)";
				CODE_SIGN_STYLE = Automatic;
				CURRENT_PROJECT_VERSION = 1;
				DEVELOPMENT_TEAM = SWPBG3YXG5;
				GENERATE_INFOPLIST_FILE = YES;
				IPHONEOS_DEPLOYMENT_TARGET = 16.0;
				MACOSX_DEPLOYMENT_TARGET = 12.3;
				MARKETING_VERSION = 1.0;
				PRODUCT_BUNDLE_IDENTIFIER = com.wonbeen.APITests;
				PRODUCT_NAME = "$(TARGET_NAME)";
				SDKROOT = auto;
				SUPPORTED_PLATFORMS = "iphoneos iphonesimulator macosx";
				SWIFT_EMIT_LOC_STRINGS = NO;
				SWIFT_VERSION = 5.0;
				TARGETED_DEVICE_FAMILY = "1,2";
				TEST_HOST = "$(BUILT_PRODUCTS_DIR)/BoxOffice.app/$(BUNDLE_EXECUTABLE_FOLDER_PATH)/BoxOffice";
			};
			name = Debug;
		};
		AF6C3A692963045F0074574D /* Release */ = {
			isa = XCBuildConfiguration;
			buildSettings = {
				BUNDLE_LOADER = "$(TEST_HOST)";
				CODE_SIGN_STYLE = Automatic;
				CURRENT_PROJECT_VERSION = 1;
				DEVELOPMENT_TEAM = SWPBG3YXG5;
				GENERATE_INFOPLIST_FILE = YES;
				IPHONEOS_DEPLOYMENT_TARGET = 16.0;
				MACOSX_DEPLOYMENT_TARGET = 12.3;
				MARKETING_VERSION = 1.0;
				PRODUCT_BUNDLE_IDENTIFIER = com.wonbeen.APITests;
				PRODUCT_NAME = "$(TARGET_NAME)";
				SDKROOT = auto;
				SUPPORTED_PLATFORMS = "iphoneos iphonesimulator macosx";
				SWIFT_EMIT_LOC_STRINGS = NO;
				SWIFT_VERSION = 5.0;
				TARGETED_DEVICE_FAMILY = "1,2";
				TEST_HOST = "$(BUILT_PRODUCTS_DIR)/BoxOffice.app/$(BUNDLE_EXECUTABLE_FOLDER_PATH)/BoxOffice";
			};
			name = Release;
		};
/* End XCBuildConfiguration section */

/* Begin XCConfigurationList section */
		635A19DF28F9603900197BCC /* Build configuration list for PBXProject "BoxOffice" */ = {
			isa = XCConfigurationList;
			buildConfigurations = (
				635A19F628F9603A00197BCC /* Debug */,
				635A19F728F9603A00197BCC /* Release */,
			);
			defaultConfigurationIsVisible = 0;
			defaultConfigurationName = Release;
		};
		635A19F828F9603A00197BCC /* Build configuration list for PBXNativeTarget "BoxOffice" */ = {
			isa = XCConfigurationList;
			buildConfigurations = (
				635A19F928F9603A00197BCC /* Debug */,
				635A19FA28F9603A00197BCC /* Release */,
			);
			defaultConfigurationIsVisible = 0;
			defaultConfigurationName = Release;
		};
		AF6C3A672963045F0074574D /* Build configuration list for PBXNativeTarget "APITests" */ = {
			isa = XCConfigurationList;
			buildConfigurations = (
				AF6C3A682963045F0074574D /* Debug */,
				AF6C3A692963045F0074574D /* Release */,
			);
			defaultConfigurationIsVisible = 0;
			defaultConfigurationName = Release;
		};
/* End XCConfigurationList section */
	};
	rootObject = 635A19DC28F9603900197BCC /* Project object */;
}
