// !$*UTF8*$!
{
	archiveVersion = 1;
	classes = {
	};
	objectVersion = 56;
	objects = {

/* Begin PBXBuildFile section */
		203201FF29630CB000097F31 /* GoogleService-Info.plist in Resources */ = {isa = PBXBuildFile; fileRef = 203201FE29630CB000097F31 /* GoogleService-Info.plist */; };
		2032020229630EED00097F31 /* FirebaseAuth in Frameworks */ = {isa = PBXBuildFile; productRef = 2032020129630EED00097F31 /* FirebaseAuth */; };
		2032020429630EED00097F31 /* FirebaseFirestore in Frameworks */ = {isa = PBXBuildFile; productRef = 2032020329630EED00097F31 /* FirebaseFirestore */; };
		2032020629630EED00097F31 /* FirebaseFirestoreSwift in Frameworks */ = {isa = PBXBuildFile; productRef = 2032020529630EED00097F31 /* FirebaseFirestoreSwift */; };
		2032020829630EED00097F31 /* FirebaseStorage in Frameworks */ = {isa = PBXBuildFile; productRef = 2032020729630EED00097F31 /* FirebaseStorage */; };
		2073EB17296311F100216565 /* FirestoreManager.swift in Sources */ = {isa = PBXBuildFile; fileRef = 2073EB16296311F100216565 /* FirestoreManager.swift */; };
		2073EB1C29631F8C00216565 /* StorageManager.swift in Sources */ = {isa = PBXBuildFile; fileRef = 2073EB1B29631F8C00216565 /* StorageManager.swift */; };
		20BB8C192963B40300801668 /* ReviewFirebaseUseCase.swift in Sources */ = {isa = PBXBuildFile; fileRef = 20BB8C182963B40300801668 /* ReviewFirebaseUseCase.swift */; };
		20BB8C1C2963B54400801668 /* Review.swift in Sources */ = {isa = PBXBuildFile; fileRef = 20BB8C1B2963B54400801668 /* Review.swift */; };
		20BB8C202963C2DA00801668 /* FirebaseError.swift in Sources */ = {isa = PBXBuildFile; fileRef = 20BB8C1F2963C2DA00801668 /* FirebaseError.swift */; };
		635A19E828F9603900197BCC /* AppDelegate.swift in Sources */ = {isa = PBXBuildFile; fileRef = 635A19E728F9603900197BCC /* AppDelegate.swift */; };
		635A19EA28F9603900197BCC /* SceneDelegate.swift in Sources */ = {isa = PBXBuildFile; fileRef = 635A19E928F9603900197BCC /* SceneDelegate.swift */; };
		635A19EC28F9603900197BCC /* ViewController.swift in Sources */ = {isa = PBXBuildFile; fileRef = 635A19EB28F9603900197BCC /* ViewController.swift */; };
		635A19F128F9603A00197BCC /* Assets.xcassets in Resources */ = {isa = PBXBuildFile; fileRef = 635A19F028F9603A00197BCC /* Assets.xcassets */; };
		635A19F428F9603A00197BCC /* LaunchScreen.storyboard in Resources */ = {isa = PBXBuildFile; fileRef = 635A19F228F9603A00197BCC /* LaunchScreen.storyboard */; };
/* End PBXBuildFile section */

/* Begin PBXFileReference section */
		203201FE29630CB000097F31 /* GoogleService-Info.plist */ = {isa = PBXFileReference; fileEncoding = 4; lastKnownFileType = text.plist.xml; path = "GoogleService-Info.plist"; sourceTree = "<group>"; };
		2073EB16296311F100216565 /* FirestoreManager.swift */ = {isa = PBXFileReference; lastKnownFileType = sourcecode.swift; path = FirestoreManager.swift; sourceTree = "<group>"; };
		2073EB1B29631F8C00216565 /* StorageManager.swift */ = {isa = PBXFileReference; lastKnownFileType = sourcecode.swift; path = StorageManager.swift; sourceTree = "<group>"; };
		20BB8C182963B40300801668 /* ReviewFirebaseUseCase.swift */ = {isa = PBXFileReference; lastKnownFileType = sourcecode.swift; path = ReviewFirebaseUseCase.swift; sourceTree = "<group>"; };
		20BB8C1B2963B54400801668 /* Review.swift */ = {isa = PBXFileReference; lastKnownFileType = sourcecode.swift; path = Review.swift; sourceTree = "<group>"; };
		20BB8C1F2963C2DA00801668 /* FirebaseError.swift */ = {isa = PBXFileReference; lastKnownFileType = sourcecode.swift; path = FirebaseError.swift; sourceTree = "<group>"; };
		635A19E428F9603900197BCC /* BoxOffice.app */ = {isa = PBXFileReference; explicitFileType = wrapper.application; includeInIndex = 0; path = BoxOffice.app; sourceTree = BUILT_PRODUCTS_DIR; };
		635A19E728F9603900197BCC /* AppDelegate.swift */ = {isa = PBXFileReference; lastKnownFileType = sourcecode.swift; path = AppDelegate.swift; sourceTree = "<group>"; };
		635A19E928F9603900197BCC /* SceneDelegate.swift */ = {isa = PBXFileReference; lastKnownFileType = sourcecode.swift; path = SceneDelegate.swift; sourceTree = "<group>"; };
		635A19EB28F9603900197BCC /* ViewController.swift */ = {isa = PBXFileReference; lastKnownFileType = sourcecode.swift; path = ViewController.swift; sourceTree = "<group>"; };
		635A19F028F9603A00197BCC /* Assets.xcassets */ = {isa = PBXFileReference; lastKnownFileType = folder.assetcatalog; path = Assets.xcassets; sourceTree = "<group>"; };
		635A19F328F9603A00197BCC /* Base */ = {isa = PBXFileReference; lastKnownFileType = file.storyboard; name = Base; path = Base.lproj/LaunchScreen.storyboard; sourceTree = "<group>"; };
		635A19F528F9603A00197BCC /* Info.plist */ = {isa = PBXFileReference; lastKnownFileType = text.plist.xml; path = Info.plist; sourceTree = "<group>"; };
/* End PBXFileReference section */

/* Begin PBXFrameworksBuildPhase section */
		635A19E128F9603900197BCC /* Frameworks */ = {
			isa = PBXFrameworksBuildPhase;
			buildActionMask = 2147483647;
			files = (
				2032020229630EED00097F31 /* FirebaseAuth in Frameworks */,
				2032020829630EED00097F31 /* FirebaseStorage in Frameworks */,
				2032020429630EED00097F31 /* FirebaseFirestore in Frameworks */,
				2032020629630EED00097F31 /* FirebaseFirestoreSwift in Frameworks */,
			);
			runOnlyForDeploymentPostprocessing = 0;
		};
/* End PBXFrameworksBuildPhase section */

/* Begin PBXGroup section */
		203201FA2962CE0700097F31 /* Application */ = {
			isa = PBXGroup;
			children = (
				635A19E728F9603900197BCC /* AppDelegate.swift */,
				635A19E928F9603900197BCC /* SceneDelegate.swift */,
			);
			path = Application;
			sourceTree = "<group>";
		};
		203201FB2962CE1900097F31 /* Resource */ = {
			isa = PBXGroup;
			children = (
				635A19F028F9603A00197BCC /* Assets.xcassets */,
				635A19F228F9603A00197BCC /* LaunchScreen.storyboard */,
			);
			path = Resource;
			sourceTree = "<group>";
		};
		2073EB18296317BF00216565 /* FirebaseManager */ = {
			isa = PBXGroup;
			children = (
				2073EB16296311F100216565 /* FirestoreManager.swift */,
				2073EB1B29631F8C00216565 /* StorageManager.swift */,
				20BB8C1F2963C2DA00801668 /* FirebaseError.swift */,
			);
			path = FirebaseManager;
			sourceTree = "<group>";
		};
		20BB8C162963B37D00801668 /* Domain */ = {
			isa = PBXGroup;
			children = (
				20BB8C1A2963B4F300801668 /* Entities */,
				20BB8C172963B3B800801668 /* UseCase */,
			);
			path = Domain;
			sourceTree = "<group>";
		};
		20BB8C172963B3B800801668 /* UseCase */ = {
			isa = PBXGroup;
			children = (
				20BB8C182963B40300801668 /* ReviewFirebaseUseCase.swift */,
			);
			path = UseCase;
			sourceTree = "<group>";
		};
		20BB8C1A2963B4F300801668 /* Entities */ = {
			isa = PBXGroup;
			children = (
				20BB8C1B2963B54400801668 /* Review.swift */,
			);
			path = Entities;
			sourceTree = "<group>";
		};
		635A19DB28F9603900197BCC = {
			isa = PBXGroup;
			children = (
				635A19E628F9603900197BCC /* BoxOffice */,
				635A19E528F9603900197BCC /* Products */,
			);
			sourceTree = "<group>";
		};
		635A19E528F9603900197BCC /* Products */ = {
			isa = PBXGroup;
			children = (
				635A19E428F9603900197BCC /* BoxOffice.app */,
			);
			name = Products;
			sourceTree = "<group>";
		};
		635A19E628F9603900197BCC /* BoxOffice */ = {
			isa = PBXGroup;
			children = (
				635A19F528F9603A00197BCC /* Info.plist */,
				203201FE29630CB000097F31 /* GoogleService-Info.plist */,
				203201FB2962CE1900097F31 /* Resource */,
				203201FA2962CE0700097F31 /* Application */,
				20BB8C162963B37D00801668 /* Domain */,
				2073EB18296317BF00216565 /* FirebaseManager */,
				635A19EB28F9603900197BCC /* ViewController.swift */,
			);
			path = BoxOffice;
			sourceTree = "<group>";
		};
/* End PBXGroup section */

/* Begin PBXNativeTarget section */
		635A19E328F9603900197BCC /* BoxOffice */ = {
			isa = PBXNativeTarget;
			buildConfigurationList = 635A19F828F9603A00197BCC /* Build configuration list for PBXNativeTarget "BoxOffice" */;
			buildPhases = (
				635A19E028F9603900197BCC /* Sources */,
				635A19E128F9603900197BCC /* Frameworks */,
				635A19E228F9603900197BCC /* Resources */,
			);
			buildRules = (
			);
			dependencies = (
			);
			name = BoxOffice;
			packageProductDependencies = (
				2032020129630EED00097F31 /* FirebaseAuth */,
				2032020329630EED00097F31 /* FirebaseFirestore */,
				2032020529630EED00097F31 /* FirebaseFirestoreSwift */,
				2032020729630EED00097F31 /* FirebaseStorage */,
			);
			productName = BoxOffice;
			productReference = 635A19E428F9603900197BCC /* BoxOffice.app */;
			productType = "com.apple.product-type.application";
		};
/* End PBXNativeTarget section */

/* Begin PBXProject section */
		635A19DC28F9603900197BCC /* Project object */ = {
			isa = PBXProject;
			attributes = {
				BuildIndependentTargetsInParallel = 1;
				LastSwiftUpdateCheck = 1400;
				LastUpgradeCheck = 1400;
				TargetAttributes = {
					635A19E328F9603900197BCC = {
						CreatedOnToolsVersion = 14.0.1;
					};
				};
			};
			buildConfigurationList = 635A19DF28F9603900197BCC /* Build configuration list for PBXProject "BoxOffice" */;
			compatibilityVersion = "Xcode 14.0";
			developmentRegion = en;
			hasScannedForEncodings = 0;
			knownRegions = (
				en,
				Base,
			);
			mainGroup = 635A19DB28F9603900197BCC;
			packageReferences = (
				2032020029630EED00097F31 /* XCRemoteSwiftPackageReference "firebase-ios-sdk" */,
			);
			productRefGroup = 635A19E528F9603900197BCC /* Products */;
			projectDirPath = "";
			projectRoot = "";
			targets = (
				635A19E328F9603900197BCC /* BoxOffice */,
			);
		};
/* End PBXProject section */

/* Begin PBXResourcesBuildPhase section */
		635A19E228F9603900197BCC /* Resources */ = {
			isa = PBXResourcesBuildPhase;
			buildActionMask = 2147483647;
			files = (
				635A19F428F9603A00197BCC /* LaunchScreen.storyboard in Resources */,
				635A19F128F9603A00197BCC /* Assets.xcassets in Resources */,
				203201FF29630CB000097F31 /* GoogleService-Info.plist in Resources */,
			);
			runOnlyForDeploymentPostprocessing = 0;
		};
/* End PBXResourcesBuildPhase section */

/* Begin PBXSourcesBuildPhase section */
		635A19E028F9603900197BCC /* Sources */ = {
			isa = PBXSourcesBuildPhase;
			buildActionMask = 2147483647;
			files = (
				2073EB17296311F100216565 /* FirestoreManager.swift in Sources */,
				20BB8C202963C2DA00801668 /* FirebaseError.swift in Sources */,
				635A19EC28F9603900197BCC /* ViewController.swift in Sources */,
				20BB8C1C2963B54400801668 /* Review.swift in Sources */,
				2073EB1C29631F8C00216565 /* StorageManager.swift in Sources */,
				635A19E828F9603900197BCC /* AppDelegate.swift in Sources */,
				635A19EA28F9603900197BCC /* SceneDelegate.swift in Sources */,
				20BB8C192963B40300801668 /* ReviewFirebaseUseCase.swift in Sources */,
			);
			runOnlyForDeploymentPostprocessing = 0;
		};
/* End PBXSourcesBuildPhase section */

/* Begin PBXVariantGroup section */
		635A19F228F9603A00197BCC /* LaunchScreen.storyboard */ = {
			isa = PBXVariantGroup;
			children = (
				635A19F328F9603A00197BCC /* Base */,
			);
			name = LaunchScreen.storyboard;
			sourceTree = "<group>";
		};
/* End PBXVariantGroup section */

/* Begin XCBuildConfiguration section */
		635A19F628F9603A00197BCC /* Debug */ = {
			isa = XCBuildConfiguration;
			buildSettings = {
				ALWAYS_SEARCH_USER_PATHS = NO;
				CLANG_ANALYZER_NONNULL = YES;
				CLANG_ANALYZER_NUMBER_OBJECT_CONVERSION = YES_AGGRESSIVE;
				CLANG_CXX_LANGUAGE_STANDARD = "gnu++20";
				CLANG_ENABLE_MODULES = YES;
				CLANG_ENABLE_OBJC_ARC = YES;
				CLANG_ENABLE_OBJC_WEAK = YES;
				CLANG_WARN_BLOCK_CAPTURE_AUTORELEASING = YES;
				CLANG_WARN_BOOL_CONVERSION = YES;
				CLANG_WARN_COMMA = YES;
				CLANG_WARN_CONSTANT_CONVERSION = YES;
				CLANG_WARN_DEPRECATED_OBJC_IMPLEMENTATIONS = YES;
				CLANG_WARN_DIRECT_OBJC_ISA_USAGE = YES_ERROR;
				CLANG_WARN_DOCUMENTATION_COMMENTS = YES;
				CLANG_WARN_EMPTY_BODY = YES;
				CLANG_WARN_ENUM_CONVERSION = YES;
				CLANG_WARN_INFINITE_RECURSION = YES;
				CLANG_WARN_INT_CONVERSION = YES;
				CLANG_WARN_NON_LITERAL_NULL_CONVERSION = YES;
				CLANG_WARN_OBJC_IMPLICIT_RETAIN_SELF = YES;
				CLANG_WARN_OBJC_LITERAL_CONVERSION = YES;
				CLANG_WARN_OBJC_ROOT_CLASS = YES_ERROR;
				CLANG_WARN_QUOTED_INCLUDE_IN_FRAMEWORK_HEADER = YES;
				CLANG_WARN_RANGE_LOOP_ANALYSIS = YES;
				CLANG_WARN_STRICT_PROTOTYPES = YES;
				CLANG_WARN_SUSPICIOUS_MOVE = YES;
				CLANG_WARN_UNGUARDED_AVAILABILITY = YES_AGGRESSIVE;
				CLANG_WARN_UNREACHABLE_CODE = YES;
				CLANG_WARN__DUPLICATE_METHOD_MATCH = YES;
				COPY_PHASE_STRIP = NO;
				DEBUG_INFORMATION_FORMAT = dwarf;
				ENABLE_STRICT_OBJC_MSGSEND = YES;
				ENABLE_TESTABILITY = YES;
				GCC_C_LANGUAGE_STANDARD = gnu11;
				GCC_DYNAMIC_NO_PIC = NO;
				GCC_NO_COMMON_BLOCKS = YES;
				GCC_OPTIMIZATION_LEVEL = 0;
				GCC_PREPROCESSOR_DEFINITIONS = (
					"DEBUG=1",
					"$(inherited)",
				);
				GCC_WARN_64_TO_32_BIT_CONVERSION = YES;
				GCC_WARN_ABOUT_RETURN_TYPE = YES_ERROR;
				GCC_WARN_UNDECLARED_SELECTOR = YES;
				GCC_WARN_UNINITIALIZED_AUTOS = YES_AGGRESSIVE;
				GCC_WARN_UNUSED_FUNCTION = YES;
				GCC_WARN_UNUSED_VARIABLE = YES;
				IPHONEOS_DEPLOYMENT_TARGET = 16.0;
				MTL_ENABLE_DEBUG_INFO = INCLUDE_SOURCE;
				MTL_FAST_MATH = YES;
				ONLY_ACTIVE_ARCH = YES;
				SDKROOT = iphoneos;
				SWIFT_ACTIVE_COMPILATION_CONDITIONS = DEBUG;
				SWIFT_OPTIMIZATION_LEVEL = "-Onone";
			};
			name = Debug;
		};
		635A19F728F9603A00197BCC /* Release */ = {
			isa = XCBuildConfiguration;
			buildSettings = {
				ALWAYS_SEARCH_USER_PATHS = NO;
				CLANG_ANALYZER_NONNULL = YES;
				CLANG_ANALYZER_NUMBER_OBJECT_CONVERSION = YES_AGGRESSIVE;
				CLANG_CXX_LANGUAGE_STANDARD = "gnu++20";
				CLANG_ENABLE_MODULES = YES;
				CLANG_ENABLE_OBJC_ARC = YES;
				CLANG_ENABLE_OBJC_WEAK = YES;
				CLANG_WARN_BLOCK_CAPTURE_AUTORELEASING = YES;
				CLANG_WARN_BOOL_CONVERSION = YES;
				CLANG_WARN_COMMA = YES;
				CLANG_WARN_CONSTANT_CONVERSION = YES;
				CLANG_WARN_DEPRECATED_OBJC_IMPLEMENTATIONS = YES;
				CLANG_WARN_DIRECT_OBJC_ISA_USAGE = YES_ERROR;
				CLANG_WARN_DOCUMENTATION_COMMENTS = YES;
				CLANG_WARN_EMPTY_BODY = YES;
				CLANG_WARN_ENUM_CONVERSION = YES;
				CLANG_WARN_INFINITE_RECURSION = YES;
				CLANG_WARN_INT_CONVERSION = YES;
				CLANG_WARN_NON_LITERAL_NULL_CONVERSION = YES;
				CLANG_WARN_OBJC_IMPLICIT_RETAIN_SELF = YES;
				CLANG_WARN_OBJC_LITERAL_CONVERSION = YES;
				CLANG_WARN_OBJC_ROOT_CLASS = YES_ERROR;
				CLANG_WARN_QUOTED_INCLUDE_IN_FRAMEWORK_HEADER = YES;
				CLANG_WARN_RANGE_LOOP_ANALYSIS = YES;
				CLANG_WARN_STRICT_PROTOTYPES = YES;
				CLANG_WARN_SUSPICIOUS_MOVE = YES;
				CLANG_WARN_UNGUARDED_AVAILABILITY = YES_AGGRESSIVE;
				CLANG_WARN_UNREACHABLE_CODE = YES;
				CLANG_WARN__DUPLICATE_METHOD_MATCH = YES;
				COPY_PHASE_STRIP = NO;
				DEBUG_INFORMATION_FORMAT = "dwarf-with-dsym";
				ENABLE_NS_ASSERTIONS = NO;
				ENABLE_STRICT_OBJC_MSGSEND = YES;
				GCC_C_LANGUAGE_STANDARD = gnu11;
				GCC_NO_COMMON_BLOCKS = YES;
				GCC_WARN_64_TO_32_BIT_CONVERSION = YES;
				GCC_WARN_ABOUT_RETURN_TYPE = YES_ERROR;
				GCC_WARN_UNDECLARED_SELECTOR = YES;
				GCC_WARN_UNINITIALIZED_AUTOS = YES_AGGRESSIVE;
				GCC_WARN_UNUSED_FUNCTION = YES;
				GCC_WARN_UNUSED_VARIABLE = YES;
				IPHONEOS_DEPLOYMENT_TARGET = 16.0;
				MTL_ENABLE_DEBUG_INFO = NO;
				MTL_FAST_MATH = YES;
				SDKROOT = iphoneos;
				SWIFT_COMPILATION_MODE = wholemodule;
				SWIFT_OPTIMIZATION_LEVEL = "-O";
				VALIDATE_PRODUCT = YES;
			};
			name = Release;
		};
		635A19F928F9603A00197BCC /* Debug */ = {
			isa = XCBuildConfiguration;
			buildSettings = {
				ASSETCATALOG_COMPILER_APPICON_NAME = AppIcon;
				ASSETCATALOG_COMPILER_GLOBAL_ACCENT_COLOR_NAME = AccentColor;
				CODE_SIGN_STYLE = Automatic;
				CURRENT_PROJECT_VERSION = 1;
				GENERATE_INFOPLIST_FILE = YES;
				INFOPLIST_FILE = BoxOffice/Info.plist;
				INFOPLIST_KEY_UIApplicationSupportsIndirectInputEvents = YES;
				INFOPLIST_KEY_UILaunchStoryboardName = LaunchScreen;
				INFOPLIST_KEY_UISupportedInterfaceOrientations_iPad = "UIInterfaceOrientationPortrait UIInterfaceOrientationPortraitUpsideDown UIInterfaceOrientationLandscapeLeft UIInterfaceOrientationLandscapeRight";
				INFOPLIST_KEY_UISupportedInterfaceOrientations_iPhone = "UIInterfaceOrientationPortrait UIInterfaceOrientationLandscapeLeft UIInterfaceOrientationLandscapeRight";
				LD_RUNPATH_SEARCH_PATHS = (
					"$(inherited)",
					"@executable_path/Frameworks",
				);
				MARKETING_VERSION = 1.0;
				PRODUCT_BUNDLE_IDENTIFIER = net.yagom.BoxOffice;
				PRODUCT_NAME = "$(TARGET_NAME)";
				SWIFT_EMIT_LOC_STRINGS = YES;
				SWIFT_VERSION = 5.0;
				TARGETED_DEVICE_FAMILY = "1,2";
			};
			name = Debug;
		};
		635A19FA28F9603A00197BCC /* Release */ = {
			isa = XCBuildConfiguration;
			buildSettings = {
				ASSETCATALOG_COMPILER_APPICON_NAME = AppIcon;
				ASSETCATALOG_COMPILER_GLOBAL_ACCENT_COLOR_NAME = AccentColor;
				CODE_SIGN_STYLE = Automatic;
				CURRENT_PROJECT_VERSION = 1;
				GENERATE_INFOPLIST_FILE = YES;
				INFOPLIST_FILE = BoxOffice/Info.plist;
				INFOPLIST_KEY_UIApplicationSupportsIndirectInputEvents = YES;
				INFOPLIST_KEY_UILaunchStoryboardName = LaunchScreen;
				INFOPLIST_KEY_UISupportedInterfaceOrientations_iPad = "UIInterfaceOrientationPortrait UIInterfaceOrientationPortraitUpsideDown UIInterfaceOrientationLandscapeLeft UIInterfaceOrientationLandscapeRight";
				INFOPLIST_KEY_UISupportedInterfaceOrientations_iPhone = "UIInterfaceOrientationPortrait UIInterfaceOrientationLandscapeLeft UIInterfaceOrientationLandscapeRight";
				LD_RUNPATH_SEARCH_PATHS = (
					"$(inherited)",
					"@executable_path/Frameworks",
				);
				MARKETING_VERSION = 1.0;
				PRODUCT_BUNDLE_IDENTIFIER = net.yagom.BoxOffice;
				PRODUCT_NAME = "$(TARGET_NAME)";
				SWIFT_EMIT_LOC_STRINGS = YES;
				SWIFT_VERSION = 5.0;
				TARGETED_DEVICE_FAMILY = "1,2";
			};
			name = Release;
		};
/* End XCBuildConfiguration section */

/* Begin XCConfigurationList section */
		635A19DF28F9603900197BCC /* Build configuration list for PBXProject "BoxOffice" */ = {
			isa = XCConfigurationList;
			buildConfigurations = (
				635A19F628F9603A00197BCC /* Debug */,
				635A19F728F9603A00197BCC /* Release */,
			);
			defaultConfigurationIsVisible = 0;
			defaultConfigurationName = Release;
		};
		635A19F828F9603A00197BCC /* Build configuration list for PBXNativeTarget "BoxOffice" */ = {
			isa = XCConfigurationList;
			buildConfigurations = (
				635A19F928F9603A00197BCC /* Debug */,
				635A19FA28F9603A00197BCC /* Release */,
			);
			defaultConfigurationIsVisible = 0;
			defaultConfigurationName = Release;
		};
/* End XCConfigurationList section */

/* Begin XCRemoteSwiftPackageReference section */
		2032020029630EED00097F31 /* XCRemoteSwiftPackageReference "firebase-ios-sdk" */ = {
			isa = XCRemoteSwiftPackageReference;
			repositoryURL = "https://github.com/firebase/firebase-ios-sdk";
			requirement = {
				branch = master;
				kind = branch;
			};
		};
/* End XCRemoteSwiftPackageReference section */

/* Begin XCSwiftPackageProductDependency section */
		2032020129630EED00097F31 /* FirebaseAuth */ = {
			isa = XCSwiftPackageProductDependency;
			package = 2032020029630EED00097F31 /* XCRemoteSwiftPackageReference "firebase-ios-sdk" */;
			productName = FirebaseAuth;
		};
		2032020329630EED00097F31 /* FirebaseFirestore */ = {
			isa = XCSwiftPackageProductDependency;
			package = 2032020029630EED00097F31 /* XCRemoteSwiftPackageReference "firebase-ios-sdk" */;
			productName = FirebaseFirestore;
		};
		2032020529630EED00097F31 /* FirebaseFirestoreSwift */ = {
			isa = XCSwiftPackageProductDependency;
			package = 2032020029630EED00097F31 /* XCRemoteSwiftPackageReference "firebase-ios-sdk" */;
			productName = FirebaseFirestoreSwift;
		};
		2032020729630EED00097F31 /* FirebaseStorage */ = {
			isa = XCSwiftPackageProductDependency;
			package = 2032020029630EED00097F31 /* XCRemoteSwiftPackageReference "firebase-ios-sdk" */;
			productName = FirebaseStorage;
		};
/* End XCSwiftPackageProductDependency section */
	};
	rootObject = 635A19DC28F9603900197BCC /* Project object */;
}
